// !$*UTF8*$!
{
	archiveVersion = 1;
	classes = {
	};
	objectVersion = 46;
	objects = {

/* Begin PBXBuildFile section */
		092A214FD7954C2EB2E9EB25 /* libPods-Agronegocios.a in Frameworks */ = {isa = PBXBuildFile; fileRef = 40EDC4279B7347119FB1AE5B /* libPods-Agronegocios.a */; };
		6320FCE51A0E6D85009518B7 /* C4COrderForm.m in Sources */ = {isa = PBXBuildFile; fileRef = 6320FCE41A0E6D85009518B7 /* C4COrderForm.m */; };
		6320FCE81A0E7240009518B7 /* C4CNewOrderFormViewController.m in Sources */ = {isa = PBXBuildFile; fileRef = 6320FCE71A0E7240009518B7 /* C4CNewOrderFormViewController.m */; };
		632CCEFD19F71B4C00B6A550 /* CoreData.framework in Frameworks */ = {isa = PBXBuildFile; fileRef = 632CCEFC19F71B4C00B6A550 /* CoreData.framework */; };
		63378C711A27907A006EFC64 /* facebook-50.png in Resources */ = {isa = PBXBuildFile; fileRef = 63378C6F1A27907A006EFC64 /* facebook-50.png */; };
		63378C721A27907A006EFC64 /* twitter-50.png in Resources */ = {isa = PBXBuildFile; fileRef = 63378C701A27907A006EFC64 /* twitter-50.png */; };
		63378C751A279382006EFC64 /* facebook-32.png in Resources */ = {isa = PBXBuildFile; fileRef = 63378C731A279382006EFC64 /* facebook-32.png */; };
		63378C761A279382006EFC64 /* twitter-32.png in Resources */ = {isa = PBXBuildFile; fileRef = 63378C741A279382006EFC64 /* twitter-32.png */; };
		63378C791A27AF5F006EFC64 /* C4CTermsViewController.m in Sources */ = {isa = PBXBuildFile; fileRef = 63378C781A27AF5F006EFC64 /* C4CTermsViewController.m */; };
		63378C7B1A27D111006EFC64 /* twitter-24.png in Resources */ = {isa = PBXBuildFile; fileRef = 63378C7A1A27D111006EFC64 /* twitter-24.png */; };
		63378C7D1A27D26F006EFC64 /* facebook-24.png in Resources */ = {isa = PBXBuildFile; fileRef = 63378C7C1A27D26F006EFC64 /* facebook-24.png */; };
		63378C7F1A27D302006EFC64 /* about-24.png in Resources */ = {isa = PBXBuildFile; fileRef = 63378C7E1A27D302006EFC64 /* about-24.png */; };
		63551C2619F9AB0A00E49EC7 /* C4CPriceTableViewCell.m in Sources */ = {isa = PBXBuildFile; fileRef = 63551C2519F9AB0A00E49EC7 /* C4CPriceTableViewCell.m */; };
		635773221A0AE70500D51CE3 /* C4CProductTableViewController.m in Sources */ = {isa = PBXBuildFile; fileRef = 635773211A0AE70500D51CE3 /* C4CProductTableViewController.m */; };
		635773261A0AF74E00D51CE3 /* C4CUnitTableViewController.m in Sources */ = {isa = PBXBuildFile; fileRef = 635773251A0AF74E00D51CE3 /* C4CUnitTableViewController.m */; };
		6357732B1A0B15D500D51CE3 /* C4CBlueSubmitButtonCell.m in Sources */ = {isa = PBXBuildFile; fileRef = 6357732A1A0B15D500D51CE3 /* C4CBlueSubmitButtonCell.m */; };
		6357732D1A0B1A2900D51CE3 /* C4CBlueSubmitButtonCell.xib in Resources */ = {isa = PBXBuildFile; fileRef = 6357732C1A0B1A2900D51CE3 /* C4CBlueSubmitButtonCell.xib */; };
		635773341A0B1D7900D51CE3 /* C4CStockTableViewCell.m in Sources */ = {isa = PBXBuildFile; fileRef = 635773331A0B1D7900D51CE3 /* C4CStockTableViewCell.m */; };
		635773371A0B301500D51CE3 /* MyStock.m in Sources */ = {isa = PBXBuildFile; fileRef = 635773361A0B301500D51CE3 /* MyStock.m */; };
		6357733A1A0B398A00D51CE3 /* C4CStockDetailTableViewController.m in Sources */ = {isa = PBXBuildFile; fileRef = 635773391A0B398A00D51CE3 /* C4CStockDetailTableViewController.m */; };
		63581D011A0066D60008196F /* C4CDoncampoImageCell.m in Sources */ = {isa = PBXBuildFile; fileRef = 63581D001A0066D60008196F /* C4CDoncampoImageCell.m */; };
		63581D041A0069F40008196F /* Token.m in Sources */ = {isa = PBXBuildFile; fileRef = 63581D031A0069F40008196F /* Token.m */; };
		63581D071A006A140008196F /* Price.m in Sources */ = {isa = PBXBuildFile; fileRef = 63581D061A006A140008196F /* Price.m */; };
		63581D0A1A006A800008196F /* Product.m in Sources */ = {isa = PBXBuildFile; fileRef = 63581D091A006A800008196F /* Product.m */; };
		63581D101A0076C00008196F /* Default-568h@2x.png in Resources */ = {isa = PBXBuildFile; fileRef = 63581D0F1A0076C00008196F /* Default-568h@2x.png */; };
		63581D131A007C150008196F /* Registration.m in Sources */ = {isa = PBXBuildFile; fileRef = 63581D121A007C150008196F /* Registration.m */; };
		63611B051969FA36006B3282 /* Foundation.framework in Frameworks */ = {isa = PBXBuildFile; fileRef = 63611B041969FA36006B3282 /* Foundation.framework */; };
		63611B071969FA36006B3282 /* CoreGraphics.framework in Frameworks */ = {isa = PBXBuildFile; fileRef = 63611B061969FA36006B3282 /* CoreGraphics.framework */; };
		63611B091969FA36006B3282 /* UIKit.framework in Frameworks */ = {isa = PBXBuildFile; fileRef = 63611B081969FA36006B3282 /* UIKit.framework */; };
		63611B111969FA36006B3282 /* main.m in Sources */ = {isa = PBXBuildFile; fileRef = 63611B101969FA36006B3282 /* main.m */; };
		63611B151969FA36006B3282 /* C4CAppDelegate.m in Sources */ = {isa = PBXBuildFile; fileRef = 63611B141969FA36006B3282 /* C4CAppDelegate.m */; };
		63611B171969FA36006B3282 /* Images.xcassets in Resources */ = {isa = PBXBuildFile; fileRef = 63611B161969FA36006B3282 /* Images.xcassets */; };
		63611B1E1969FA36006B3282 /* XCTest.framework in Frameworks */ = {isa = PBXBuildFile; fileRef = 63611B1D1969FA36006B3282 /* XCTest.framework */; };
		63611B1F1969FA36006B3282 /* Foundation.framework in Frameworks */ = {isa = PBXBuildFile; fileRef = 63611B041969FA36006B3282 /* Foundation.framework */; };
		63611B201969FA36006B3282 /* UIKit.framework in Frameworks */ = {isa = PBXBuildFile; fileRef = 63611B081969FA36006B3282 /* UIKit.framework */; };
		63611B2A1969FA36006B3282 /* AgronegociosTests.m in Sources */ = {isa = PBXBuildFile; fileRef = 63611B291969FA36006B3282 /* AgronegociosTests.m */; };
		6368B60D1A01A96000B3805A /* Login.m in Sources */ = {isa = PBXBuildFile; fileRef = 6368B60C1A01A96000B3805A /* Login.m */; };
		636CAC821A1D397A008375D4 /* about_agronet.png in Resources */ = {isa = PBXBuildFile; fileRef = 636CAC7F1A1D397A008375D4 /* about_agronet.png */; };
		636CAC831A1D397A008375D4 /* about_minagricultura.png in Resources */ = {isa = PBXBuildFile; fileRef = 636CAC801A1D397A008375D4 /* about_minagricultura.png */; };
		636CAC841A1D397A008375D4 /* about_mintic.png in Resources */ = {isa = PBXBuildFile; fileRef = 636CAC811A1D397A008375D4 /* about_mintic.png */; };
		636CD4621A069EF500712342 /* C4CRegistrationFormViewController.m in Sources */ = {isa = PBXBuildFile; fileRef = 636CD4611A069EF500712342 /* C4CRegistrationFormViewController.m */; };
		636CD4651A06A9B400712342 /* C4CWhoamiTableViewController.m in Sources */ = {isa = PBXBuildFile; fileRef = 636CD4641A06A9B400712342 /* C4CWhoamiTableViewController.m */; };
		636CD4691A06B53700712342 /* C4CMyOrdersTableViewController.m in Sources */ = {isa = PBXBuildFile; fileRef = 636CD4681A06B53700712342 /* C4CMyOrdersTableViewController.m */; };
		636CD46C1A06B58000712342 /* C4CMyStocksTableViewController.m in Sources */ = {isa = PBXBuildFile; fileRef = 636CD46B1A06B58000712342 /* C4CMyStocksTableViewController.m */; };
		636CD4711A06B7E400712342 /* C4CStocksTableViewController.m in Sources */ = {isa = PBXBuildFile; fileRef = 636CD4701A06B7E400712342 /* C4CStocksTableViewController.m */; };
		636CD4741A06B7FE00712342 /* C4CMyPurchasesTableViewController.m in Sources */ = {isa = PBXBuildFile; fileRef = 636CD4731A06B7FE00712342 /* C4CMyPurchasesTableViewController.m */; };
		636CD4771A06BC0200712342 /* C4CHomeTableViewController.m in Sources */ = {isa = PBXBuildFile; fileRef = 636CD4761A06BC0200712342 /* C4CHomeTableViewController.m */; };
		636CD4991A06BDAA00712342 /* agricultor.png in Resources */ = {isa = PBXBuildFile; fileRef = 636CD4781A06BDAA00712342 /* agricultor.png */; };
		636CD49A1A06BDAA00712342 /* agronegocios.png in Resources */ = {isa = PBXBuildFile; fileRef = 636CD4791A06BDAA00712342 /* agronegocios.png */; };
		636CD49B1A06BDAA00712342 /* aprende.png in Resources */ = {isa = PBXBuildFile; fileRef = 636CD47A1A06BDAA00712342 /* aprende.png */; };
		636CD49C1A06BDAA00712342 /* box.png in Resources */ = {isa = PBXBuildFile; fileRef = 636CD47B1A06BDAA00712342 /* box.png */; };
		636CD49D1A06BDAA00712342 /* calc.png in Resources */ = {isa = PBXBuildFile; fileRef = 636CD47C1A06BDAA00712342 /* calc.png */; };
		636CD49E1A06BDAA00712342 /* clientregister.png in Resources */ = {isa = PBXBuildFile; fileRef = 636CD47D1A06BDAA00712342 /* clientregister.png */; };
		636CD49F1A06BDAA00712342 /* comprador.png in Resources */ = {isa = PBXBuildFile; fileRef = 636CD47E1A06BDAA00712342 /* comprador.png */; };
		636CD4A01A06BDAA00712342 /* consumidor.png in Resources */ = {isa = PBXBuildFile; fileRef = 636CD47F1A06BDAA00712342 /* consumidor.png */; };
		636CD4A11A06BDAA00712342 /* farmerred.png in Resources */ = {isa = PBXBuildFile; fileRef = 636CD4801A06BDAA00712342 /* farmerred.png */; };
		636CD4A21A06BDAA00712342 /* farmerred140.png in Resources */ = {isa = PBXBuildFile; fileRef = 636CD4811A06BDAA00712342 /* farmerred140.png */; };
		636CD4A31A06BDAA00712342 /* farmerregister-1.png in Resources */ = {isa = PBXBuildFile; fileRef = 636CD4821A06BDAA00712342 /* farmerregister-1.png */; };
		636CD4A41A06BDAA00712342 /* folder.png in Resources */ = {isa = PBXBuildFile; fileRef = 636CD4831A06BDAA00712342 /* folder.png */; };
		636CD4A51A06BDAA00712342 /* Icon-60@2x.png in Resources */ = {isa = PBXBuildFile; fileRef = 636CD4851A06BDAA00712342 /* Icon-60@2x.png */; };
		636CD4A61A06BDAA00712342 /* Icon-60@3x.png in Resources */ = {isa = PBXBuildFile; fileRef = 636CD4861A06BDAA00712342 /* Icon-60@3x.png */; };
		636CD4A71A06BDAA00712342 /* Icon-72.png in Resources */ = {isa = PBXBuildFile; fileRef = 636CD4871A06BDAA00712342 /* Icon-72.png */; };
		636CD4A81A06BDAA00712342 /* Icon-72@2x.png in Resources */ = {isa = PBXBuildFile; fileRef = 636CD4881A06BDAA00712342 /* Icon-72@2x.png */; };
		636CD4A91A06BDAA00712342 /* Icon-76.png in Resources */ = {isa = PBXBuildFile; fileRef = 636CD4891A06BDAA00712342 /* Icon-76.png */; };
		636CD4AA1A06BDAA00712342 /* Icon-76@2x.png in Resources */ = {isa = PBXBuildFile; fileRef = 636CD48A1A06BDAA00712342 /* Icon-76@2x.png */; };
		636CD4AB1A06BDAA00712342 /* Icon-Small-40.png in Resources */ = {isa = PBXBuildFile; fileRef = 636CD48B1A06BDAA00712342 /* Icon-Small-40.png */; };
		636CD4AC1A06BDAA00712342 /* Icon-Small-40@2x.png in Resources */ = {isa = PBXBuildFile; fileRef = 636CD48C1A06BDAA00712342 /* Icon-Small-40@2x.png */; };
		636CD4AD1A06BDAA00712342 /* Icon-Small-40@3x.png in Resources */ = {isa = PBXBuildFile; fileRef = 636CD48D1A06BDAA00712342 /* Icon-Small-40@3x.png */; };
		636CD4AE1A06BDAA00712342 /* Icon-Small-50.png in Resources */ = {isa = PBXBuildFile; fileRef = 636CD48E1A06BDAA00712342 /* Icon-Small-50.png */; };
		636CD4AF1A06BDAA00712342 /* Icon-Small-50@2x.png in Resources */ = {isa = PBXBuildFile; fileRef = 636CD48F1A06BDAA00712342 /* Icon-Small-50@2x.png */; };
		636CD4B01A06BDAA00712342 /* Icon-Small.png in Resources */ = {isa = PBXBuildFile; fileRef = 636CD4901A06BDAA00712342 /* Icon-Small.png */; };
		636CD4B11A06BDAA00712342 /* Icon-Small@2x.png in Resources */ = {isa = PBXBuildFile; fileRef = 636CD4911A06BDAA00712342 /* Icon-Small@2x.png */; };
		636CD4B21A06BDAA00712342 /* Icon-Small@3x.png in Resources */ = {isa = PBXBuildFile; fileRef = 636CD4921A06BDAA00712342 /* Icon-Small@3x.png */; };
		636CD4B31A06BDAA00712342 /* Icon.png in Resources */ = {isa = PBXBuildFile; fileRef = 636CD4931A06BDAA00712342 /* Icon.png */; };
		636CD4B41A06BDAA00712342 /* Icon@2x.png in Resources */ = {isa = PBXBuildFile; fileRef = 636CD4941A06BDAA00712342 /* Icon@2x.png */; };
		636CD4B51A06BDAA00712342 /* login.png in Resources */ = {isa = PBXBuildFile; fileRef = 636CD4951A06BDAA00712342 /* login.png */; };
		636CD4B61A06BDAA00712342 /* papers.png in Resources */ = {isa = PBXBuildFile; fileRef = 636CD4961A06BDAA00712342 /* papers.png */; };
		636CD4B71A06BDAA00712342 /* productor.png in Resources */ = {isa = PBXBuildFile; fileRef = 636CD4971A06BDAA00712342 /* productor.png */; };
		636CD4B81A06BDAA00712342 /* user.png in Resources */ = {isa = PBXBuildFile; fileRef = 636CD4981A06BDAA00712342 /* user.png */; };
		636CD4BD1A06BDBD00712342 /* NSDate+Helper.m in Sources */ = {isa = PBXBuildFile; fileRef = 636CD4BB1A06BDBD00712342 /* NSDate+Helper.m */; };
		636CD4BE1A06BDBD00712342 /* README.textile in Resources */ = {isa = PBXBuildFile; fileRef = 636CD4BC1A06BDBD00712342 /* README.textile */; };
		636CD4C11A06BDF700712342 /* C4CDoncampoImageCell.xib in Resources */ = {isa = PBXBuildFile; fileRef = 636CD4C01A06BDF700712342 /* C4CDoncampoImageCell.xib */; };
		636CD4C31A06BE2800712342 /* Main.storyboard in Resources */ = {isa = PBXBuildFile; fileRef = 636CD4C21A06BE2800712342 /* Main.storyboard */; };
		636CD4C61A06BE3A00712342 /* Model.xcdatamodeld in Sources */ = {isa = PBXBuildFile; fileRef = 636CD4C41A06BE3A00712342 /* Model.xcdatamodeld */; };
		636CD4CC1A06CFB700712342 /* C4CNewStockFormViewController.m in Sources */ = {isa = PBXBuildFile; fileRef = 636CD4CB1A06CFB700712342 /* C4CNewStockFormViewController.m */; };
		636CD4CF1A06D29B00712342 /* Unit.m in Sources */ = {isa = PBXBuildFile; fileRef = 636CD4CE1A06D29B00712342 /* Unit.m */; };
		636CD4DB1A073CF800712342 /* GeoCode.m in Sources */ = {isa = PBXBuildFile; fileRef = 636CD4DA1A073CF800712342 /* GeoCode.m */; };
		636CD4E81A07DEE700712342 /* Stock.m in Sources */ = {isa = PBXBuildFile; fileRef = 636CD4E71A07DEE700712342 /* Stock.m */; };
		636CD4E91A07E82F00712342 /* CoreLocation.framework in Frameworks */ = {isa = PBXBuildFile; fileRef = 63E9F0FD199691DB008FEEA0 /* CoreLocation.framework */; };
		636CD5341A07F30600712342 /* INTULocationManager.m in Sources */ = {isa = PBXBuildFile; fileRef = 636CD5301A07F30600712342 /* INTULocationManager.m */; };
		636CD5351A07F30600712342 /* INTULocationRequest.m in Sources */ = {isa = PBXBuildFile; fileRef = 636CD5321A07F30600712342 /* INTULocationRequest.m */; };
		636CD53C1A081DB800712342 /* AddressComponent.m in Sources */ = {isa = PBXBuildFile; fileRef = 636CD53B1A081DB800712342 /* AddressComponent.m */; };
		636CD53F1A08393C00712342 /* NewStock.m in Sources */ = {isa = PBXBuildFile; fileRef = 636CD53E1A08393C00712342 /* NewStock.m */; };
		6386F21019D8BA2C006A6B57 /* C4CRootForm.m in Sources */ = {isa = PBXBuildFile; fileRef = 6386F20F19D8BA2C006A6B57 /* C4CRootForm.m */; };
		6386F21319D8BA98006A6B57 /* C4CLoginForm.m in Sources */ = {isa = PBXBuildFile; fileRef = 6386F21219D8BA98006A6B57 /* C4CLoginForm.m */; };
		6386F21619D8BABB006A6B57 /* C4CRegistrationForm.m in Sources */ = {isa = PBXBuildFile; fileRef = 6386F21519D8BABB006A6B57 /* C4CRegistrationForm.m */; };
		6386F21919D8BF30006A6B57 /* C4CRootFormViewController.m in Sources */ = {isa = PBXBuildFile; fileRef = 6386F21819D8BF30006A6B57 /* C4CRootFormViewController.m */; };
		6386F21D19D8C72A006A6B57 /* C4CSubmitButtonCell.m in Sources */ = {isa = PBXBuildFile; fileRef = 6386F21C19D8C72A006A6B57 /* C4CSubmitButtonCell.m */; };
		6386F22119D8CC7F006A6B57 /* C4CSubmitButtonCell.xib in Resources */ = {isa = PBXBuildFile; fileRef = 6386F22019D8CC7F006A6B57 /* C4CSubmitButtonCell.xib */; };
		6386F22719D90B54006A6B57 /* C4CStockForm.m in Sources */ = {isa = PBXBuildFile; fileRef = 6386F22619D90B54006A6B57 /* C4CStockForm.m */; };
		6397D10A1A24020600BB9C92 /* farmerstocks.png in Resources */ = {isa = PBXBuildFile; fileRef = 6397D1091A24020600BB9C92 /* farmerstocks.png */; };
		639D97BB19F4213F008418D7 /* C4CPriceTableViewController.m in Sources */ = {isa = PBXBuildFile; fileRef = 639D97BA19F4213F008418D7 /* C4CPriceTableViewController.m */; };
		639FD5511A0D4B730079EE59 /* MyOrders.m in Sources */ = {isa = PBXBuildFile; fileRef = 639FD5501A0D4B730079EE59 /* MyOrders.m */; };
		639FD5541A0D4C840079EE59 /* MyPurchases.m in Sources */ = {isa = PBXBuildFile; fileRef = 639FD5531A0D4C840079EE59 /* MyPurchases.m */; };
		639FD5581A0D51C50079EE59 /* C4COrderTableViewCell.m in Sources */ = {isa = PBXBuildFile; fileRef = 639FD5571A0D51C50079EE59 /* C4COrderTableViewCell.m */; };
		639FD55B1A0DCBB70079EE59 /* NewOrder.m in Sources */ = {isa = PBXBuildFile; fileRef = 639FD55A1A0DCBB70079EE59 /* NewOrder.m */; };
		63AFDA811A104E400078CC4E /* C4CGreenSubmitButtonCell.xib in Resources */ = {isa = PBXBuildFile; fileRef = 63AFDA801A104E400078CC4E /* C4CGreenSubmitButtonCell.xib */; };
		63AFDA841A104F2A0078CC4E /* C4CGreenSubmitButtonCell.m in Sources */ = {isa = PBXBuildFile; fileRef = 63AFDA831A104F2A0078CC4E /* C4CGreenSubmitButtonCell.m */; };
		63AFDA871A10524F0078CC4E /* C4CMyOrdersDetailTableViewController.m in Sources */ = {isa = PBXBuildFile; fileRef = 63AFDA861A10524F0078CC4E /* C4CMyOrdersDetailTableViewController.m */; };
		63AFDA8A1A1057360078CC4E /* C4CMyStockDetailTableViewController.m in Sources */ = {isa = PBXBuildFile; fileRef = 63AFDA891A1057360078CC4E /* C4CMyStockDetailTableViewController.m */; };
		63AFDA8D1A1059170078CC4E /* C4CMyPurchasesDetailTableViewController.m in Sources */ = {isa = PBXBuildFile; fileRef = 63AFDA8C1A1059170078CC4E /* C4CMyPurchasesDetailTableViewController.m */; };
		63AFDA901A10684A0078CC4E /* C4CPriceDetailTableViewController.m in Sources */ = {isa = PBXBuildFile; fileRef = 63AFDA8F1A10684A0078CC4E /* C4CPriceDetailTableViewController.m */; };
		63E9F0F019969184008FEEA0 /* Accounts.framework in Frameworks */ = {isa = PBXBuildFile; fileRef = 63E9F0EF19969184008FEEA0 /* Accounts.framework */; };
		63E9F0F21996919C008FEEA0 /* Social.framework in Frameworks */ = {isa = PBXBuildFile; fileRef = 63E9F0F11996919C008FEEA0 /* Social.framework */; };
		63E9F0F4199691A5008FEEA0 /* SystemConfiguration.framework in Frameworks */ = {isa = PBXBuildFile; fileRef = 63E9F0F3199691A5008FEEA0 /* SystemConfiguration.framework */; };
		63E9F0F6199691B0008FEEA0 /* StoreKit.framework in Frameworks */ = {isa = PBXBuildFile; fileRef = 63E9F0F5199691B0008FEEA0 /* StoreKit.framework */; };
		63E9F0F8199691BC008FEEA0 /* Security.framework in Frameworks */ = {isa = PBXBuildFile; fileRef = 63E9F0F7199691BC008FEEA0 /* Security.framework */; };
		63E9F0FA199691C9008FEEA0 /* QuartzCore.framework in Frameworks */ = {isa = PBXBuildFile; fileRef = 63E9F0F9199691C9008FEEA0 /* QuartzCore.framework */; };
		63E9F0FC199691D2008FEEA0 /* MobileCoreServices.framework in Frameworks */ = {isa = PBXBuildFile; fileRef = 63E9F0FB199691D2008FEEA0 /* MobileCoreServices.framework */; };
		63E9F100199691F2008FEEA0 /* CFNetwork.framework in Frameworks */ = {isa = PBXBuildFile; fileRef = 63E9F0FF199691F2008FEEA0 /* CFNetwork.framework */; };
		63E9F102199691FA008FEEA0 /* AudioToolbox.framework in Frameworks */ = {isa = PBXBuildFile; fileRef = 63E9F101199691FA008FEEA0 /* AudioToolbox.framework */; };
/* End PBXBuildFile section */

/* Begin PBXContainerItemProxy section */
		63611B211969FA36006B3282 /* PBXContainerItemProxy */ = {
			isa = PBXContainerItemProxy;
			containerPortal = 63611AF91969FA36006B3282 /* Project object */;
			proxyType = 1;
			remoteGlobalIDString = 63611B001969FA36006B3282;
			remoteInfo = Agronegocios;
		};
/* End PBXContainerItemProxy section */

/* Begin PBXFileReference section */
		40EDC4279B7347119FB1AE5B /* libPods-Agronegocios.a */ = {isa = PBXFileReference; explicitFileType = archive.ar; includeInIndex = 0; path = "libPods-Agronegocios.a"; sourceTree = BUILT_PRODUCTS_DIR; };
		6320FCE31A0E6D85009518B7 /* C4COrderForm.h */ = {isa = PBXFileReference; fileEncoding = 4; lastKnownFileType = sourcecode.c.h; name = C4COrderForm.h; path = Forms/C4COrderForm.h; sourceTree = "<group>"; };
		6320FCE41A0E6D85009518B7 /* C4COrderForm.m */ = {isa = PBXFileReference; fileEncoding = 4; lastKnownFileType = sourcecode.c.objc; name = C4COrderForm.m; path = Forms/C4COrderForm.m; sourceTree = "<group>"; };
		6320FCE61A0E7240009518B7 /* C4CNewOrderFormViewController.h */ = {isa = PBXFileReference; fileEncoding = 4; lastKnownFileType = sourcecode.c.h; name = C4CNewOrderFormViewController.h; path = Controllers/C4CNewOrderFormViewController.h; sourceTree = "<group>"; };
		6320FCE71A0E7240009518B7 /* C4CNewOrderFormViewController.m */ = {isa = PBXFileReference; fileEncoding = 4; lastKnownFileType = sourcecode.c.objc; name = C4CNewOrderFormViewController.m; path = Controllers/C4CNewOrderFormViewController.m; sourceTree = "<group>"; };
		632CCEFC19F71B4C00B6A550 /* CoreData.framework */ = {isa = PBXFileReference; lastKnownFileType = wrapper.framework; name = CoreData.framework; path = System/Library/Frameworks/CoreData.framework; sourceTree = SDKROOT; };
		63378C6F1A27907A006EFC64 /* facebook-50.png */ = {isa = PBXFileReference; lastKnownFileType = image.png; name = "facebook-50.png"; path = "Assets/facebook-50.png"; sourceTree = "<group>"; };
		63378C701A27907A006EFC64 /* twitter-50.png */ = {isa = PBXFileReference; lastKnownFileType = image.png; name = "twitter-50.png"; path = "Assets/twitter-50.png"; sourceTree = "<group>"; };
		63378C731A279382006EFC64 /* facebook-32.png */ = {isa = PBXFileReference; lastKnownFileType = image.png; name = "facebook-32.png"; path = "Assets/facebook-32.png"; sourceTree = "<group>"; };
		63378C741A279382006EFC64 /* twitter-32.png */ = {isa = PBXFileReference; lastKnownFileType = image.png; name = "twitter-32.png"; path = "Assets/twitter-32.png"; sourceTree = "<group>"; };
		63378C771A27AF5F006EFC64 /* C4CTermsViewController.h */ = {isa = PBXFileReference; fileEncoding = 4; lastKnownFileType = sourcecode.c.h; name = C4CTermsViewController.h; path = Controllers/C4CTermsViewController.h; sourceTree = "<group>"; };
		63378C781A27AF5F006EFC64 /* C4CTermsViewController.m */ = {isa = PBXFileReference; fileEncoding = 4; lastKnownFileType = sourcecode.c.objc; name = C4CTermsViewController.m; path = Controllers/C4CTermsViewController.m; sourceTree = "<group>"; };
		63378C7A1A27D111006EFC64 /* twitter-24.png */ = {isa = PBXFileReference; lastKnownFileType = image.png; name = "twitter-24.png"; path = "Assets/twitter-24.png"; sourceTree = "<group>"; };
		63378C7C1A27D26F006EFC64 /* facebook-24.png */ = {isa = PBXFileReference; lastKnownFileType = image.png; name = "facebook-24.png"; path = "Assets/facebook-24.png"; sourceTree = "<group>"; };
		63378C7E1A27D302006EFC64 /* about-24.png */ = {isa = PBXFileReference; lastKnownFileType = image.png; name = "about-24.png"; path = "Assets/about-24.png"; sourceTree = "<group>"; };
		63551C2419F9AB0A00E49EC7 /* C4CPriceTableViewCell.h */ = {isa = PBXFileReference; fileEncoding = 4; lastKnownFileType = sourcecode.c.h; name = C4CPriceTableViewCell.h; path = Views/C4CPriceTableViewCell.h; sourceTree = "<group>"; };
		63551C2519F9AB0A00E49EC7 /* C4CPriceTableViewCell.m */ = {isa = PBXFileReference; fileEncoding = 4; lastKnownFileType = sourcecode.c.objc; name = C4CPriceTableViewCell.m; path = Views/C4CPriceTableViewCell.m; sourceTree = "<group>"; };
		635773201A0AE70500D51CE3 /* C4CProductTableViewController.h */ = {isa = PBXFileReference; fileEncoding = 4; lastKnownFileType = sourcecode.c.h; name = C4CProductTableViewController.h; path = Controllers/C4CProductTableViewController.h; sourceTree = "<group>"; };
		635773211A0AE70500D51CE3 /* C4CProductTableViewController.m */ = {isa = PBXFileReference; fileEncoding = 4; lastKnownFileType = sourcecode.c.objc; name = C4CProductTableViewController.m; path = Controllers/C4CProductTableViewController.m; sourceTree = "<group>"; };
		635773241A0AF74E00D51CE3 /* C4CUnitTableViewController.h */ = {isa = PBXFileReference; fileEncoding = 4; lastKnownFileType = sourcecode.c.h; name = C4CUnitTableViewController.h; path = Controllers/C4CUnitTableViewController.h; sourceTree = "<group>"; };
		635773251A0AF74E00D51CE3 /* C4CUnitTableViewController.m */ = {isa = PBXFileReference; fileEncoding = 4; lastKnownFileType = sourcecode.c.objc; name = C4CUnitTableViewController.m; path = Controllers/C4CUnitTableViewController.m; sourceTree = "<group>"; };
		635773291A0B15D500D51CE3 /* C4CBlueSubmitButtonCell.h */ = {isa = PBXFileReference; fileEncoding = 4; lastKnownFileType = sourcecode.c.h; name = C4CBlueSubmitButtonCell.h; path = Forms/C4CBlueSubmitButtonCell.h; sourceTree = "<group>"; };
		6357732A1A0B15D500D51CE3 /* C4CBlueSubmitButtonCell.m */ = {isa = PBXFileReference; fileEncoding = 4; lastKnownFileType = sourcecode.c.objc; name = C4CBlueSubmitButtonCell.m; path = Forms/C4CBlueSubmitButtonCell.m; sourceTree = "<group>"; };
		6357732C1A0B1A2900D51CE3 /* C4CBlueSubmitButtonCell.xib */ = {isa = PBXFileReference; fileEncoding = 4; lastKnownFileType = file.xib; name = C4CBlueSubmitButtonCell.xib; path = Forms/C4CBlueSubmitButtonCell.xib; sourceTree = "<group>"; };
		635773321A0B1D7900D51CE3 /* C4CStockTableViewCell.h */ = {isa = PBXFileReference; fileEncoding = 4; lastKnownFileType = sourcecode.c.h; name = C4CStockTableViewCell.h; path = Views/C4CStockTableViewCell.h; sourceTree = "<group>"; };
		635773331A0B1D7900D51CE3 /* C4CStockTableViewCell.m */ = {isa = PBXFileReference; fileEncoding = 4; lastKnownFileType = sourcecode.c.objc; name = C4CStockTableViewCell.m; path = Views/C4CStockTableViewCell.m; sourceTree = "<group>"; };
		635773351A0B301500D51CE3 /* MyStock.h */ = {isa = PBXFileReference; fileEncoding = 4; lastKnownFileType = sourcecode.c.h; name = MyStock.h; path = Models/MyStock.h; sourceTree = "<group>"; };
		635773361A0B301500D51CE3 /* MyStock.m */ = {isa = PBXFileReference; fileEncoding = 4; lastKnownFileType = sourcecode.c.objc; name = MyStock.m; path = Models/MyStock.m; sourceTree = "<group>"; };
		635773381A0B398A00D51CE3 /* C4CStockDetailTableViewController.h */ = {isa = PBXFileReference; fileEncoding = 4; lastKnownFileType = sourcecode.c.h; name = C4CStockDetailTableViewController.h; path = Controllers/C4CStockDetailTableViewController.h; sourceTree = "<group>"; };
		635773391A0B398A00D51CE3 /* C4CStockDetailTableViewController.m */ = {isa = PBXFileReference; fileEncoding = 4; lastKnownFileType = sourcecode.c.objc; name = C4CStockDetailTableViewController.m; path = Controllers/C4CStockDetailTableViewController.m; sourceTree = "<group>"; };
		63581CFF1A0066D60008196F /* C4CDoncampoImageCell.h */ = {isa = PBXFileReference; fileEncoding = 4; lastKnownFileType = sourcecode.c.h; name = C4CDoncampoImageCell.h; path = Forms/C4CDoncampoImageCell.h; sourceTree = "<group>"; };
		63581D001A0066D60008196F /* C4CDoncampoImageCell.m */ = {isa = PBXFileReference; fileEncoding = 4; lastKnownFileType = sourcecode.c.objc; name = C4CDoncampoImageCell.m; path = Forms/C4CDoncampoImageCell.m; sourceTree = "<group>"; };
		63581D021A0069F40008196F /* Token.h */ = {isa = PBXFileReference; fileEncoding = 4; lastKnownFileType = sourcecode.c.h; name = Token.h; path = Models/Token.h; sourceTree = "<group>"; };
		63581D031A0069F40008196F /* Token.m */ = {isa = PBXFileReference; fileEncoding = 4; lastKnownFileType = sourcecode.c.objc; name = Token.m; path = Models/Token.m; sourceTree = "<group>"; };
		63581D051A006A140008196F /* Price.h */ = {isa = PBXFileReference; fileEncoding = 4; lastKnownFileType = sourcecode.c.h; name = Price.h; path = Models/Price.h; sourceTree = "<group>"; };
		63581D061A006A140008196F /* Price.m */ = {isa = PBXFileReference; fileEncoding = 4; lastKnownFileType = sourcecode.c.objc; name = Price.m; path = Models/Price.m; sourceTree = "<group>"; };
		63581D081A006A800008196F /* Product.h */ = {isa = PBXFileReference; fileEncoding = 4; lastKnownFileType = sourcecode.c.h; name = Product.h; path = Models/Product.h; sourceTree = "<group>"; };
		63581D091A006A800008196F /* Product.m */ = {isa = PBXFileReference; fileEncoding = 4; lastKnownFileType = sourcecode.c.objc; name = Product.m; path = Models/Product.m; sourceTree = "<group>"; };
		63581D0F1A0076C00008196F /* Default-568h@2x.png */ = {isa = PBXFileReference; lastKnownFileType = image.png; path = "Default-568h@2x.png"; sourceTree = "<group>"; };
		63581D111A007C150008196F /* Registration.h */ = {isa = PBXFileReference; fileEncoding = 4; lastKnownFileType = sourcecode.c.h; name = Registration.h; path = Models/Registration.h; sourceTree = "<group>"; };
		63581D121A007C150008196F /* Registration.m */ = {isa = PBXFileReference; fileEncoding = 4; lastKnownFileType = sourcecode.c.objc; name = Registration.m; path = Models/Registration.m; sourceTree = "<group>"; };
		63611B011969FA36006B3282 /* Agronegocios.app */ = {isa = PBXFileReference; explicitFileType = wrapper.application; includeInIndex = 0; path = Agronegocios.app; sourceTree = BUILT_PRODUCTS_DIR; };
		63611B041969FA36006B3282 /* Foundation.framework */ = {isa = PBXFileReference; lastKnownFileType = wrapper.framework; name = Foundation.framework; path = System/Library/Frameworks/Foundation.framework; sourceTree = SDKROOT; };
		63611B061969FA36006B3282 /* CoreGraphics.framework */ = {isa = PBXFileReference; lastKnownFileType = wrapper.framework; name = CoreGraphics.framework; path = System/Library/Frameworks/CoreGraphics.framework; sourceTree = SDKROOT; };
		63611B081969FA36006B3282 /* UIKit.framework */ = {isa = PBXFileReference; lastKnownFileType = wrapper.framework; name = UIKit.framework; path = System/Library/Frameworks/UIKit.framework; sourceTree = SDKROOT; };
		63611B0C1969FA36006B3282 /* Agronegocios-Info.plist */ = {isa = PBXFileReference; lastKnownFileType = text.plist.xml; path = "Agronegocios-Info.plist"; sourceTree = "<group>"; };
		63611B101969FA36006B3282 /* main.m */ = {isa = PBXFileReference; lastKnownFileType = sourcecode.c.objc; path = main.m; sourceTree = "<group>"; };
		63611B121969FA36006B3282 /* Agronegocios-Prefix.pch */ = {isa = PBXFileReference; lastKnownFileType = sourcecode.c.h; path = "Agronegocios-Prefix.pch"; sourceTree = "<group>"; };
		63611B131969FA36006B3282 /* C4CAppDelegate.h */ = {isa = PBXFileReference; lastKnownFileType = sourcecode.c.h; path = C4CAppDelegate.h; sourceTree = "<group>"; };
		63611B141969FA36006B3282 /* C4CAppDelegate.m */ = {isa = PBXFileReference; lastKnownFileType = sourcecode.c.objc; path = C4CAppDelegate.m; sourceTree = "<group>"; };
		63611B161969FA36006B3282 /* Images.xcassets */ = {isa = PBXFileReference; lastKnownFileType = folder.assetcatalog; path = Images.xcassets; sourceTree = "<group>"; };
		63611B1C1969FA36006B3282 /* AgronegociosTests.xctest */ = {isa = PBXFileReference; explicitFileType = wrapper.cfbundle; includeInIndex = 0; path = AgronegociosTests.xctest; sourceTree = BUILT_PRODUCTS_DIR; };
		63611B1D1969FA36006B3282 /* XCTest.framework */ = {isa = PBXFileReference; lastKnownFileType = wrapper.framework; name = XCTest.framework; path = Library/Frameworks/XCTest.framework; sourceTree = DEVELOPER_DIR; };
		63611B251969FA36006B3282 /* AgronegociosTests-Info.plist */ = {isa = PBXFileReference; lastKnownFileType = text.plist.xml; path = "AgronegociosTests-Info.plist"; sourceTree = "<group>"; };
		63611B291969FA36006B3282 /* AgronegociosTests.m */ = {isa = PBXFileReference; lastKnownFileType = sourcecode.c.objc; path = AgronegociosTests.m; sourceTree = "<group>"; };
		6368B60B1A01A96000B3805A /* Login.h */ = {isa = PBXFileReference; fileEncoding = 4; lastKnownFileType = sourcecode.c.h; name = Login.h; path = Models/Login.h; sourceTree = "<group>"; };
		6368B60C1A01A96000B3805A /* Login.m */ = {isa = PBXFileReference; fileEncoding = 4; lastKnownFileType = sourcecode.c.objc; name = Login.m; path = Models/Login.m; sourceTree = "<group>"; };
		636CAC7F1A1D397A008375D4 /* about_agronet.png */ = {isa = PBXFileReference; lastKnownFileType = image.png; name = about_agronet.png; path = Assets/about_agronet.png; sourceTree = "<group>"; };
		636CAC801A1D397A008375D4 /* about_minagricultura.png */ = {isa = PBXFileReference; lastKnownFileType = image.png; name = about_minagricultura.png; path = Assets/about_minagricultura.png; sourceTree = "<group>"; };
		636CAC811A1D397A008375D4 /* about_mintic.png */ = {isa = PBXFileReference; lastKnownFileType = image.png; name = about_mintic.png; path = Assets/about_mintic.png; sourceTree = "<group>"; };
		636CD4601A069EF500712342 /* C4CRegistrationFormViewController.h */ = {isa = PBXFileReference; fileEncoding = 4; lastKnownFileType = sourcecode.c.h; name = C4CRegistrationFormViewController.h; path = Controllers/C4CRegistrationFormViewController.h; sourceTree = "<group>"; };
		636CD4611A069EF500712342 /* C4CRegistrationFormViewController.m */ = {isa = PBXFileReference; fileEncoding = 4; lastKnownFileType = sourcecode.c.objc; name = C4CRegistrationFormViewController.m; path = Controllers/C4CRegistrationFormViewController.m; sourceTree = "<group>"; };
		636CD4631A06A9B400712342 /* C4CWhoamiTableViewController.h */ = {isa = PBXFileReference; fileEncoding = 4; lastKnownFileType = sourcecode.c.h; name = C4CWhoamiTableViewController.h; path = Controllers/C4CWhoamiTableViewController.h; sourceTree = "<group>"; };
		636CD4641A06A9B400712342 /* C4CWhoamiTableViewController.m */ = {isa = PBXFileReference; fileEncoding = 4; lastKnownFileType = sourcecode.c.objc; name = C4CWhoamiTableViewController.m; path = Controllers/C4CWhoamiTableViewController.m; sourceTree = "<group>"; };
		636CD4671A06B53700712342 /* C4CMyOrdersTableViewController.h */ = {isa = PBXFileReference; fileEncoding = 4; lastKnownFileType = sourcecode.c.h; name = C4CMyOrdersTableViewController.h; path = Controllers/C4CMyOrdersTableViewController.h; sourceTree = "<group>"; };
		636CD4681A06B53700712342 /* C4CMyOrdersTableViewController.m */ = {isa = PBXFileReference; fileEncoding = 4; lastKnownFileType = sourcecode.c.objc; name = C4CMyOrdersTableViewController.m; path = Controllers/C4CMyOrdersTableViewController.m; sourceTree = "<group>"; };
		636CD46A1A06B58000712342 /* C4CMyStocksTableViewController.h */ = {isa = PBXFileReference; fileEncoding = 4; lastKnownFileType = sourcecode.c.h; name = C4CMyStocksTableViewController.h; path = Controllers/C4CMyStocksTableViewController.h; sourceTree = "<group>"; };
		636CD46B1A06B58000712342 /* C4CMyStocksTableViewController.m */ = {isa = PBXFileReference; fileEncoding = 4; lastKnownFileType = sourcecode.c.objc; name = C4CMyStocksTableViewController.m; path = Controllers/C4CMyStocksTableViewController.m; sourceTree = "<group>"; };
		636CD46F1A06B7E400712342 /* C4CStocksTableViewController.h */ = {isa = PBXFileReference; fileEncoding = 4; lastKnownFileType = sourcecode.c.h; name = C4CStocksTableViewController.h; path = Controllers/C4CStocksTableViewController.h; sourceTree = "<group>"; };
		636CD4701A06B7E400712342 /* C4CStocksTableViewController.m */ = {isa = PBXFileReference; fileEncoding = 4; lastKnownFileType = sourcecode.c.objc; name = C4CStocksTableViewController.m; path = Controllers/C4CStocksTableViewController.m; sourceTree = "<group>"; };
		636CD4721A06B7FE00712342 /* C4CMyPurchasesTableViewController.h */ = {isa = PBXFileReference; fileEncoding = 4; lastKnownFileType = sourcecode.c.h; name = C4CMyPurchasesTableViewController.h; path = Controllers/C4CMyPurchasesTableViewController.h; sourceTree = "<group>"; };
		636CD4731A06B7FE00712342 /* C4CMyPurchasesTableViewController.m */ = {isa = PBXFileReference; fileEncoding = 4; lastKnownFileType = sourcecode.c.objc; name = C4CMyPurchasesTableViewController.m; path = Controllers/C4CMyPurchasesTableViewController.m; sourceTree = "<group>"; };
		636CD4751A06BC0200712342 /* C4CHomeTableViewController.h */ = {isa = PBXFileReference; fileEncoding = 4; lastKnownFileType = sourcecode.c.h; name = C4CHomeTableViewController.h; path = Controllers/C4CHomeTableViewController.h; sourceTree = "<group>"; };
		636CD4761A06BC0200712342 /* C4CHomeTableViewController.m */ = {isa = PBXFileReference; fileEncoding = 4; lastKnownFileType = sourcecode.c.objc; name = C4CHomeTableViewController.m; path = Controllers/C4CHomeTableViewController.m; sourceTree = "<group>"; };
		636CD4781A06BDAA00712342 /* agricultor.png */ = {isa = PBXFileReference; lastKnownFileType = image.png; name = agricultor.png; path = Assets/agricultor.png; sourceTree = "<group>"; };
		636CD4791A06BDAA00712342 /* agronegocios.png */ = {isa = PBXFileReference; lastKnownFileType = image.png; name = agronegocios.png; path = Assets/agronegocios.png; sourceTree = "<group>"; };
		636CD47A1A06BDAA00712342 /* aprende.png */ = {isa = PBXFileReference; lastKnownFileType = image.png; name = aprende.png; path = Assets/aprende.png; sourceTree = "<group>"; };
		636CD47B1A06BDAA00712342 /* box.png */ = {isa = PBXFileReference; lastKnownFileType = image.png; name = box.png; path = Assets/box.png; sourceTree = "<group>"; };
		636CD47C1A06BDAA00712342 /* calc.png */ = {isa = PBXFileReference; lastKnownFileType = image.png; name = calc.png; path = Assets/calc.png; sourceTree = "<group>"; };
		636CD47D1A06BDAA00712342 /* clientregister.png */ = {isa = PBXFileReference; lastKnownFileType = image.png; name = clientregister.png; path = Assets/clientregister.png; sourceTree = "<group>"; };
		636CD47E1A06BDAA00712342 /* comprador.png */ = {isa = PBXFileReference; lastKnownFileType = image.png; name = comprador.png; path = Assets/comprador.png; sourceTree = "<group>"; };
		636CD47F1A06BDAA00712342 /* consumidor.png */ = {isa = PBXFileReference; lastKnownFileType = image.png; name = consumidor.png; path = Assets/consumidor.png; sourceTree = "<group>"; };
		636CD4801A06BDAA00712342 /* farmerred.png */ = {isa = PBXFileReference; lastKnownFileType = image.png; name = farmerred.png; path = Assets/farmerred.png; sourceTree = "<group>"; };
		636CD4811A06BDAA00712342 /* farmerred140.png */ = {isa = PBXFileReference; lastKnownFileType = image.png; name = farmerred140.png; path = Assets/farmerred140.png; sourceTree = "<group>"; };
		636CD4821A06BDAA00712342 /* farmerregister-1.png */ = {isa = PBXFileReference; lastKnownFileType = image.png; name = "farmerregister-1.png"; path = "Assets/farmerregister-1.png"; sourceTree = "<group>"; };
		636CD4831A06BDAA00712342 /* folder.png */ = {isa = PBXFileReference; lastKnownFileType = image.png; name = folder.png; path = Assets/folder.png; sourceTree = "<group>"; };
		636CD4851A06BDAA00712342 /* Icon-60@2x.png */ = {isa = PBXFileReference; lastKnownFileType = image.png; path = "Icon-60@2x.png"; sourceTree = "<group>"; };
		636CD4861A06BDAA00712342 /* Icon-60@3x.png */ = {isa = PBXFileReference; lastKnownFileType = image.png; path = "Icon-60@3x.png"; sourceTree = "<group>"; };
		636CD4871A06BDAA00712342 /* Icon-72.png */ = {isa = PBXFileReference; lastKnownFileType = image.png; path = "Icon-72.png"; sourceTree = "<group>"; };
		636CD4881A06BDAA00712342 /* Icon-72@2x.png */ = {isa = PBXFileReference; lastKnownFileType = image.png; path = "Icon-72@2x.png"; sourceTree = "<group>"; };
		636CD4891A06BDAA00712342 /* Icon-76.png */ = {isa = PBXFileReference; lastKnownFileType = image.png; path = "Icon-76.png"; sourceTree = "<group>"; };
		636CD48A1A06BDAA00712342 /* Icon-76@2x.png */ = {isa = PBXFileReference; lastKnownFileType = image.png; path = "Icon-76@2x.png"; sourceTree = "<group>"; };
		636CD48B1A06BDAA00712342 /* Icon-Small-40.png */ = {isa = PBXFileReference; lastKnownFileType = image.png; path = "Icon-Small-40.png"; sourceTree = "<group>"; };
		636CD48C1A06BDAA00712342 /* Icon-Small-40@2x.png */ = {isa = PBXFileReference; lastKnownFileType = image.png; path = "Icon-Small-40@2x.png"; sourceTree = "<group>"; };
		636CD48D1A06BDAA00712342 /* Icon-Small-40@3x.png */ = {isa = PBXFileReference; lastKnownFileType = image.png; path = "Icon-Small-40@3x.png"; sourceTree = "<group>"; };
		636CD48E1A06BDAA00712342 /* Icon-Small-50.png */ = {isa = PBXFileReference; lastKnownFileType = image.png; path = "Icon-Small-50.png"; sourceTree = "<group>"; };
		636CD48F1A06BDAA00712342 /* Icon-Small-50@2x.png */ = {isa = PBXFileReference; lastKnownFileType = image.png; path = "Icon-Small-50@2x.png"; sourceTree = "<group>"; };
		636CD4901A06BDAA00712342 /* Icon-Small.png */ = {isa = PBXFileReference; lastKnownFileType = image.png; path = "Icon-Small.png"; sourceTree = "<group>"; };
		636CD4911A06BDAA00712342 /* Icon-Small@2x.png */ = {isa = PBXFileReference; lastKnownFileType = image.png; path = "Icon-Small@2x.png"; sourceTree = "<group>"; };
		636CD4921A06BDAA00712342 /* Icon-Small@3x.png */ = {isa = PBXFileReference; lastKnownFileType = image.png; path = "Icon-Small@3x.png"; sourceTree = "<group>"; };
		636CD4931A06BDAA00712342 /* Icon.png */ = {isa = PBXFileReference; lastKnownFileType = image.png; path = Icon.png; sourceTree = "<group>"; };
		636CD4941A06BDAA00712342 /* Icon@2x.png */ = {isa = PBXFileReference; lastKnownFileType = image.png; path = "Icon@2x.png"; sourceTree = "<group>"; };
		636CD4951A06BDAA00712342 /* login.png */ = {isa = PBXFileReference; lastKnownFileType = image.png; name = login.png; path = Assets/login.png; sourceTree = "<group>"; };
		636CD4961A06BDAA00712342 /* papers.png */ = {isa = PBXFileReference; lastKnownFileType = image.png; name = papers.png; path = Assets/papers.png; sourceTree = "<group>"; };
		636CD4971A06BDAA00712342 /* productor.png */ = {isa = PBXFileReference; lastKnownFileType = image.png; name = productor.png; path = Assets/productor.png; sourceTree = "<group>"; };
		636CD4981A06BDAA00712342 /* user.png */ = {isa = PBXFileReference; lastKnownFileType = image.png; name = user.png; path = Assets/user.png; sourceTree = "<group>"; };
		636CD4BA1A06BDBD00712342 /* NSDate+Helper.h */ = {isa = PBXFileReference; fileEncoding = 4; lastKnownFileType = sourcecode.c.h; path = "NSDate+Helper.h"; sourceTree = "<group>"; };
		636CD4BB1A06BDBD00712342 /* NSDate+Helper.m */ = {isa = PBXFileReference; fileEncoding = 4; lastKnownFileType = sourcecode.c.objc; path = "NSDate+Helper.m"; sourceTree = "<group>"; };
		636CD4BC1A06BDBD00712342 /* README.textile */ = {isa = PBXFileReference; fileEncoding = 4; lastKnownFileType = text; path = README.textile; sourceTree = "<group>"; };
		636CD4BF1A06BDD000712342 /* Webservice.h */ = {isa = PBXFileReference; lastKnownFileType = sourcecode.c.h; name = Webservice.h; path = Config/Webservice.h; sourceTree = "<group>"; };
		636CD4C01A06BDF700712342 /* C4CDoncampoImageCell.xib */ = {isa = PBXFileReference; fileEncoding = 4; lastKnownFileType = file.xib; name = C4CDoncampoImageCell.xib; path = Forms/C4CDoncampoImageCell.xib; sourceTree = "<group>"; };
		636CD4C21A06BE2800712342 /* Main.storyboard */ = {isa = PBXFileReference; fileEncoding = 4; lastKnownFileType = file.storyboard; name = Main.storyboard; path = Views/Main.storyboard; sourceTree = "<group>"; };
		636CD4C51A06BE3A00712342 /* Model.xcdatamodel */ = {isa = PBXFileReference; lastKnownFileType = wrapper.xcdatamodel; path = Model.xcdatamodel; sourceTree = "<group>"; };
		636CD4CA1A06CFB700712342 /* C4CNewStockFormViewController.h */ = {isa = PBXFileReference; fileEncoding = 4; lastKnownFileType = sourcecode.c.h; name = C4CNewStockFormViewController.h; path = Controllers/C4CNewStockFormViewController.h; sourceTree = "<group>"; };
		636CD4CB1A06CFB700712342 /* C4CNewStockFormViewController.m */ = {isa = PBXFileReference; fileEncoding = 4; lastKnownFileType = sourcecode.c.objc; name = C4CNewStockFormViewController.m; path = Controllers/C4CNewStockFormViewController.m; sourceTree = "<group>"; };
		636CD4CD1A06D29B00712342 /* Unit.h */ = {isa = PBXFileReference; fileEncoding = 4; lastKnownFileType = sourcecode.c.h; name = Unit.h; path = Models/Unit.h; sourceTree = "<group>"; };
		636CD4CE1A06D29B00712342 /* Unit.m */ = {isa = PBXFileReference; fileEncoding = 4; lastKnownFileType = sourcecode.c.objc; name = Unit.m; path = Models/Unit.m; sourceTree = "<group>"; };
		636CD4D91A073CF800712342 /* GeoCode.h */ = {isa = PBXFileReference; fileEncoding = 4; lastKnownFileType = sourcecode.c.h; name = GeoCode.h; path = Models/GeoCode.h; sourceTree = "<group>"; };
		636CD4DA1A073CF800712342 /* GeoCode.m */ = {isa = PBXFileReference; fileEncoding = 4; lastKnownFileType = sourcecode.c.objc; name = GeoCode.m; path = Models/GeoCode.m; sourceTree = "<group>"; };
		636CD4E61A07DEE700712342 /* Stock.h */ = {isa = PBXFileReference; fileEncoding = 4; lastKnownFileType = sourcecode.c.h; name = Stock.h; path = Models/Stock.h; sourceTree = "<group>"; };
		636CD4E71A07DEE700712342 /* Stock.m */ = {isa = PBXFileReference; fileEncoding = 4; lastKnownFileType = sourcecode.c.objc; name = Stock.m; path = Models/Stock.m; sourceTree = "<group>"; };
		636CD52F1A07F30600712342 /* INTULocationManager.h */ = {isa = PBXFileReference; fileEncoding = 4; lastKnownFileType = sourcecode.c.h; path = INTULocationManager.h; sourceTree = "<group>"; };
		636CD5301A07F30600712342 /* INTULocationManager.m */ = {isa = PBXFileReference; fileEncoding = 4; lastKnownFileType = sourcecode.c.objc; path = INTULocationManager.m; sourceTree = "<group>"; };
		636CD5311A07F30600712342 /* INTULocationRequest.h */ = {isa = PBXFileReference; fileEncoding = 4; lastKnownFileType = sourcecode.c.h; path = INTULocationRequest.h; sourceTree = "<group>"; };
		636CD5321A07F30600712342 /* INTULocationRequest.m */ = {isa = PBXFileReference; fileEncoding = 4; lastKnownFileType = sourcecode.c.objc; path = INTULocationRequest.m; sourceTree = "<group>"; };
		636CD5331A07F30600712342 /* INTULocationRequestDefines.h */ = {isa = PBXFileReference; fileEncoding = 4; lastKnownFileType = sourcecode.c.h; path = INTULocationRequestDefines.h; sourceTree = "<group>"; };
		636CD53A1A081DB800712342 /* AddressComponent.h */ = {isa = PBXFileReference; fileEncoding = 4; lastKnownFileType = sourcecode.c.h; name = AddressComponent.h; path = Models/AddressComponent.h; sourceTree = "<group>"; };
		636CD53B1A081DB800712342 /* AddressComponent.m */ = {isa = PBXFileReference; fileEncoding = 4; lastKnownFileType = sourcecode.c.objc; name = AddressComponent.m; path = Models/AddressComponent.m; sourceTree = "<group>"; };
		636CD53D1A08393C00712342 /* NewStock.h */ = {isa = PBXFileReference; fileEncoding = 4; lastKnownFileType = sourcecode.c.h; name = NewStock.h; path = Models/NewStock.h; sourceTree = "<group>"; };
		636CD53E1A08393C00712342 /* NewStock.m */ = {isa = PBXFileReference; fileEncoding = 4; lastKnownFileType = sourcecode.c.objc; name = NewStock.m; path = Models/NewStock.m; sourceTree = "<group>"; };
		6386F20E19D8BA2C006A6B57 /* C4CRootForm.h */ = {isa = PBXFileReference; fileEncoding = 4; lastKnownFileType = sourcecode.c.h; name = C4CRootForm.h; path = Forms/C4CRootForm.h; sourceTree = "<group>"; };
		6386F20F19D8BA2C006A6B57 /* C4CRootForm.m */ = {isa = PBXFileReference; fileEncoding = 4; lastKnownFileType = sourcecode.c.objc; name = C4CRootForm.m; path = Forms/C4CRootForm.m; sourceTree = "<group>"; };
		6386F21119D8BA98006A6B57 /* C4CLoginForm.h */ = {isa = PBXFileReference; fileEncoding = 4; lastKnownFileType = sourcecode.c.h; name = C4CLoginForm.h; path = Forms/C4CLoginForm.h; sourceTree = "<group>"; };
		6386F21219D8BA98006A6B57 /* C4CLoginForm.m */ = {isa = PBXFileReference; fileEncoding = 4; lastKnownFileType = sourcecode.c.objc; name = C4CLoginForm.m; path = Forms/C4CLoginForm.m; sourceTree = "<group>"; };
		6386F21419D8BABB006A6B57 /* C4CRegistrationForm.h */ = {isa = PBXFileReference; fileEncoding = 4; lastKnownFileType = sourcecode.c.h; name = C4CRegistrationForm.h; path = Forms/C4CRegistrationForm.h; sourceTree = "<group>"; };
		6386F21519D8BABB006A6B57 /* C4CRegistrationForm.m */ = {isa = PBXFileReference; fileEncoding = 4; lastKnownFileType = sourcecode.c.objc; name = C4CRegistrationForm.m; path = Forms/C4CRegistrationForm.m; sourceTree = "<group>"; };
		6386F21719D8BF30006A6B57 /* C4CRootFormViewController.h */ = {isa = PBXFileReference; fileEncoding = 4; lastKnownFileType = sourcecode.c.h; name = C4CRootFormViewController.h; path = Controllers/C4CRootFormViewController.h; sourceTree = "<group>"; };
		6386F21819D8BF30006A6B57 /* C4CRootFormViewController.m */ = {isa = PBXFileReference; fileEncoding = 4; lastKnownFileType = sourcecode.c.objc; name = C4CRootFormViewController.m; path = Controllers/C4CRootFormViewController.m; sourceTree = "<group>"; };
		6386F21B19D8C72A006A6B57 /* C4CSubmitButtonCell.h */ = {isa = PBXFileReference; fileEncoding = 4; lastKnownFileType = sourcecode.c.h; name = C4CSubmitButtonCell.h; path = Forms/C4CSubmitButtonCell.h; sourceTree = "<group>"; };
		6386F21C19D8C72A006A6B57 /* C4CSubmitButtonCell.m */ = {isa = PBXFileReference; fileEncoding = 4; lastKnownFileType = sourcecode.c.objc; name = C4CSubmitButtonCell.m; path = Forms/C4CSubmitButtonCell.m; sourceTree = "<group>"; };
		6386F22019D8CC7F006A6B57 /* C4CSubmitButtonCell.xib */ = {isa = PBXFileReference; fileEncoding = 4; lastKnownFileType = file.xib; name = C4CSubmitButtonCell.xib; path = Forms/C4CSubmitButtonCell.xib; sourceTree = "<group>"; };
		6386F22519D90B54006A6B57 /* C4CStockForm.h */ = {isa = PBXFileReference; fileEncoding = 4; lastKnownFileType = sourcecode.c.h; name = C4CStockForm.h; path = Forms/C4CStockForm.h; sourceTree = "<group>"; };
		6386F22619D90B54006A6B57 /* C4CStockForm.m */ = {isa = PBXFileReference; fileEncoding = 4; lastKnownFileType = sourcecode.c.objc; name = C4CStockForm.m; path = Forms/C4CStockForm.m; sourceTree = "<group>"; };
		6397D1091A24020600BB9C92 /* farmerstocks.png */ = {isa = PBXFileReference; lastKnownFileType = image.png; name = farmerstocks.png; path = Assets/farmerstocks.png; sourceTree = "<group>"; };
		639D97B919F4213F008418D7 /* C4CPriceTableViewController.h */ = {isa = PBXFileReference; fileEncoding = 4; lastKnownFileType = sourcecode.c.h; name = C4CPriceTableViewController.h; path = Controllers/C4CPriceTableViewController.h; sourceTree = "<group>"; };
		639D97BA19F4213F008418D7 /* C4CPriceTableViewController.m */ = {isa = PBXFileReference; fileEncoding = 4; lastKnownFileType = sourcecode.c.objc; name = C4CPriceTableViewController.m; path = Controllers/C4CPriceTableViewController.m; sourceTree = "<group>"; };
		639D980B19F53E96008418D7 /* Agronegocios copy-Info.plist */ = {isa = PBXFileReference; lastKnownFileType = text.plist.xml; name = "Agronegocios copy-Info.plist"; path = "/Users/david/xcode-projects/Agronegocios/Agronegocios copy-Info.plist"; sourceTree = "<absolute>"; };
		639FD54F1A0D4B730079EE59 /* MyOrders.h */ = {isa = PBXFileReference; fileEncoding = 4; lastKnownFileType = sourcecode.c.h; name = MyOrders.h; path = Models/MyOrders.h; sourceTree = "<group>"; };
		639FD5501A0D4B730079EE59 /* MyOrders.m */ = {isa = PBXFileReference; fileEncoding = 4; lastKnownFileType = sourcecode.c.objc; name = MyOrders.m; path = Models/MyOrders.m; sourceTree = "<group>"; };
		639FD5521A0D4C840079EE59 /* MyPurchases.h */ = {isa = PBXFileReference; fileEncoding = 4; lastKnownFileType = sourcecode.c.h; name = MyPurchases.h; path = Models/MyPurchases.h; sourceTree = "<group>"; };
		639FD5531A0D4C840079EE59 /* MyPurchases.m */ = {isa = PBXFileReference; fileEncoding = 4; lastKnownFileType = sourcecode.c.objc; name = MyPurchases.m; path = Models/MyPurchases.m; sourceTree = "<group>"; };
		639FD5561A0D51C50079EE59 /* C4COrderTableViewCell.h */ = {isa = PBXFileReference; fileEncoding = 4; lastKnownFileType = sourcecode.c.h; name = C4COrderTableViewCell.h; path = Views/C4COrderTableViewCell.h; sourceTree = "<group>"; };
		639FD5571A0D51C50079EE59 /* C4COrderTableViewCell.m */ = {isa = PBXFileReference; fileEncoding = 4; lastKnownFileType = sourcecode.c.objc; name = C4COrderTableViewCell.m; path = Views/C4COrderTableViewCell.m; sourceTree = "<group>"; };
		639FD5591A0DCBB70079EE59 /* NewOrder.h */ = {isa = PBXFileReference; fileEncoding = 4; lastKnownFileType = sourcecode.c.h; name = NewOrder.h; path = Models/NewOrder.h; sourceTree = "<group>"; };
		639FD55A1A0DCBB70079EE59 /* NewOrder.m */ = {isa = PBXFileReference; fileEncoding = 4; lastKnownFileType = sourcecode.c.objc; name = NewOrder.m; path = Models/NewOrder.m; sourceTree = "<group>"; };
		63AFDA801A104E400078CC4E /* C4CGreenSubmitButtonCell.xib */ = {isa = PBXFileReference; fileEncoding = 4; lastKnownFileType = file.xib; name = C4CGreenSubmitButtonCell.xib; path = Forms/C4CGreenSubmitButtonCell.xib; sourceTree = "<group>"; };
		63AFDA821A104F2A0078CC4E /* C4CGreenSubmitButtonCell.h */ = {isa = PBXFileReference; fileEncoding = 4; lastKnownFileType = sourcecode.c.h; name = C4CGreenSubmitButtonCell.h; path = Forms/C4CGreenSubmitButtonCell.h; sourceTree = "<group>"; };
		63AFDA831A104F2A0078CC4E /* C4CGreenSubmitButtonCell.m */ = {isa = PBXFileReference; fileEncoding = 4; lastKnownFileType = sourcecode.c.objc; name = C4CGreenSubmitButtonCell.m; path = Forms/C4CGreenSubmitButtonCell.m; sourceTree = "<group>"; };
		63AFDA851A10524F0078CC4E /* C4CMyOrdersDetailTableViewController.h */ = {isa = PBXFileReference; fileEncoding = 4; lastKnownFileType = sourcecode.c.h; name = C4CMyOrdersDetailTableViewController.h; path = Controllers/C4CMyOrdersDetailTableViewController.h; sourceTree = "<group>"; };
		63AFDA861A10524F0078CC4E /* C4CMyOrdersDetailTableViewController.m */ = {isa = PBXFileReference; fileEncoding = 4; lastKnownFileType = sourcecode.c.objc; name = C4CMyOrdersDetailTableViewController.m; path = Controllers/C4CMyOrdersDetailTableViewController.m; sourceTree = "<group>"; };
		63AFDA881A1057360078CC4E /* C4CMyStockDetailTableViewController.h */ = {isa = PBXFileReference; fileEncoding = 4; lastKnownFileType = sourcecode.c.h; name = C4CMyStockDetailTableViewController.h; path = Controllers/C4CMyStockDetailTableViewController.h; sourceTree = "<group>"; };
		63AFDA891A1057360078CC4E /* C4CMyStockDetailTableViewController.m */ = {isa = PBXFileReference; fileEncoding = 4; lastKnownFileType = sourcecode.c.objc; name = C4CMyStockDetailTableViewController.m; path = Controllers/C4CMyStockDetailTableViewController.m; sourceTree = "<group>"; };
		63AFDA8B1A1059170078CC4E /* C4CMyPurchasesDetailTableViewController.h */ = {isa = PBXFileReference; fileEncoding = 4; lastKnownFileType = sourcecode.c.h; name = C4CMyPurchasesDetailTableViewController.h; path = Controllers/C4CMyPurchasesDetailTableViewController.h; sourceTree = "<group>"; };
		63AFDA8C1A1059170078CC4E /* C4CMyPurchasesDetailTableViewController.m */ = {isa = PBXFileReference; fileEncoding = 4; lastKnownFileType = sourcecode.c.objc; name = C4CMyPurchasesDetailTableViewController.m; path = Controllers/C4CMyPurchasesDetailTableViewController.m; sourceTree = "<group>"; };
		63AFDA8E1A10684A0078CC4E /* C4CPriceDetailTableViewController.h */ = {isa = PBXFileReference; fileEncoding = 4; lastKnownFileType = sourcecode.c.h; name = C4CPriceDetailTableViewController.h; path = Controllers/C4CPriceDetailTableViewController.h; sourceTree = "<group>"; };
		63AFDA8F1A10684A0078CC4E /* C4CPriceDetailTableViewController.m */ = {isa = PBXFileReference; fileEncoding = 4; lastKnownFileType = sourcecode.c.objc; name = C4CPriceDetailTableViewController.m; path = Controllers/C4CPriceDetailTableViewController.m; sourceTree = "<group>"; };
		63E9F0EF19969184008FEEA0 /* Accounts.framework */ = {isa = PBXFileReference; lastKnownFileType = wrapper.framework; name = Accounts.framework; path = System/Library/Frameworks/Accounts.framework; sourceTree = SDKROOT; };
		63E9F0F11996919C008FEEA0 /* Social.framework */ = {isa = PBXFileReference; lastKnownFileType = wrapper.framework; name = Social.framework; path = System/Library/Frameworks/Social.framework; sourceTree = SDKROOT; };
		63E9F0F3199691A5008FEEA0 /* SystemConfiguration.framework */ = {isa = PBXFileReference; lastKnownFileType = wrapper.framework; name = SystemConfiguration.framework; path = System/Library/Frameworks/SystemConfiguration.framework; sourceTree = SDKROOT; };
		63E9F0F5199691B0008FEEA0 /* StoreKit.framework */ = {isa = PBXFileReference; lastKnownFileType = wrapper.framework; name = StoreKit.framework; path = System/Library/Frameworks/StoreKit.framework; sourceTree = SDKROOT; };
		63E9F0F7199691BC008FEEA0 /* Security.framework */ = {isa = PBXFileReference; lastKnownFileType = wrapper.framework; name = Security.framework; path = System/Library/Frameworks/Security.framework; sourceTree = SDKROOT; };
		63E9F0F9199691C9008FEEA0 /* QuartzCore.framework */ = {isa = PBXFileReference; lastKnownFileType = wrapper.framework; name = QuartzCore.framework; path = System/Library/Frameworks/QuartzCore.framework; sourceTree = SDKROOT; };
		63E9F0FB199691D2008FEEA0 /* MobileCoreServices.framework */ = {isa = PBXFileReference; lastKnownFileType = wrapper.framework; name = MobileCoreServices.framework; path = System/Library/Frameworks/MobileCoreServices.framework; sourceTree = SDKROOT; };
		63E9F0FD199691DB008FEEA0 /* CoreLocation.framework */ = {isa = PBXFileReference; lastKnownFileType = wrapper.framework; name = CoreLocation.framework; path = System/Library/Frameworks/CoreLocation.framework; sourceTree = SDKROOT; };
		63E9F0FF199691F2008FEEA0 /* CFNetwork.framework */ = {isa = PBXFileReference; lastKnownFileType = wrapper.framework; name = CFNetwork.framework; path = System/Library/Frameworks/CFNetwork.framework; sourceTree = SDKROOT; };
		63E9F101199691FA008FEEA0 /* AudioToolbox.framework */ = {isa = PBXFileReference; lastKnownFileType = wrapper.framework; name = AudioToolbox.framework; path = System/Library/Frameworks/AudioToolbox.framework; sourceTree = SDKROOT; };
		95A08EEF1E382FEC2EFB6F19 /* Pods-Agronegocios.debug.xcconfig */ = {isa = PBXFileReference; includeInIndex = 1; lastKnownFileType = text.xcconfig; name = "Pods-Agronegocios.debug.xcconfig"; path = "Pods/Target Support Files/Pods-Agronegocios/Pods-Agronegocios.debug.xcconfig"; sourceTree = "<group>"; };
		E0B687D5E8076F96712D381A /* Pods-Agronegocios.release.xcconfig */ = {isa = PBXFileReference; includeInIndex = 1; lastKnownFileType = text.xcconfig; name = "Pods-Agronegocios.release.xcconfig"; path = "Pods/Target Support Files/Pods-Agronegocios/Pods-Agronegocios.release.xcconfig"; sourceTree = "<group>"; };
/* End PBXFileReference section */

/* Begin PBXFrameworksBuildPhase section */
		63611AFE1969FA36006B3282 /* Frameworks */ = {
			isa = PBXFrameworksBuildPhase;
			buildActionMask = 2147483647;
			files = (
				636CD4E91A07E82F00712342 /* CoreLocation.framework in Frameworks */,
				632CCEFD19F71B4C00B6A550 /* CoreData.framework in Frameworks */,
				63611B091969FA36006B3282 /* UIKit.framework in Frameworks */,
				63E9F102199691FA008FEEA0 /* AudioToolbox.framework in Frameworks */,
				63E9F100199691F2008FEEA0 /* CFNetwork.framework in Frameworks */,
				63611B071969FA36006B3282 /* CoreGraphics.framework in Frameworks */,
				63E9F0FC199691D2008FEEA0 /* MobileCoreServices.framework in Frameworks */,
				63E9F0FA199691C9008FEEA0 /* QuartzCore.framework in Frameworks */,
				63E9F0F8199691BC008FEEA0 /* Security.framework in Frameworks */,
				63E9F0F6199691B0008FEEA0 /* StoreKit.framework in Frameworks */,
				63E9F0F4199691A5008FEEA0 /* SystemConfiguration.framework in Frameworks */,
				63E9F0F21996919C008FEEA0 /* Social.framework in Frameworks */,
				63E9F0F019969184008FEEA0 /* Accounts.framework in Frameworks */,
				63611B051969FA36006B3282 /* Foundation.framework in Frameworks */,
				092A214FD7954C2EB2E9EB25 /* libPods-Agronegocios.a in Frameworks */,
			);
			runOnlyForDeploymentPostprocessing = 0;
		};
		63611B191969FA36006B3282 /* Frameworks */ = {
			isa = PBXFrameworksBuildPhase;
			buildActionMask = 2147483647;
			files = (
				63611B1E1969FA36006B3282 /* XCTest.framework in Frameworks */,
				63611B201969FA36006B3282 /* UIKit.framework in Frameworks */,
				63611B1F1969FA36006B3282 /* Foundation.framework in Frameworks */,
			);
			runOnlyForDeploymentPostprocessing = 0;
		};
/* End PBXFrameworksBuildPhase section */

/* Begin PBXGroup section */
		63159EAB19FDF58F0095DD9E /* Home */ = {
			isa = PBXGroup;
			children = (
				636CD4751A06BC0200712342 /* C4CHomeTableViewController.h */,
				636CD4761A06BC0200712342 /* C4CHomeTableViewController.m */,
			);
			name = Home;
			sourceTree = "<group>";
		};
		63551C2319F9AA6800E49EC7 /* Price */ = {
			isa = PBXGroup;
			children = (
				63551C2419F9AB0A00E49EC7 /* C4CPriceTableViewCell.h */,
				63551C2519F9AB0A00E49EC7 /* C4CPriceTableViewCell.m */,
			);
			name = Price;
			sourceTree = "<group>";
		};
		63551C2819FAEFB800E49EC7 /* Helpers */ = {
			isa = PBXGroup;
			children = (
				636CD52E1A07F30600712342 /* LocationManager */,
				636CD4B91A06BDBD00712342 /* nsdate-helper */,
			);
			name = Helpers;
			sourceTree = "<group>";
		};
		6357731F1A0AE6E600D51CE3 /* Product */ = {
			isa = PBXGroup;
			children = (
				635773201A0AE70500D51CE3 /* C4CProductTableViewController.h */,
				635773211A0AE70500D51CE3 /* C4CProductTableViewController.m */,
			);
			name = Product;
			sourceTree = "<group>";
		};
		635773231A0AF73C00D51CE3 /* Unit */ = {
			isa = PBXGroup;
			children = (
				635773241A0AF74E00D51CE3 /* C4CUnitTableViewController.h */,
				635773251A0AF74E00D51CE3 /* C4CUnitTableViewController.m */,
			);
			name = Unit;
			sourceTree = "<group>";
		};
		635773311A0B1D5600D51CE3 /* Stock */ = {
			isa = PBXGroup;
			children = (
				635773321A0B1D7900D51CE3 /* C4CStockTableViewCell.h */,
				635773331A0B1D7900D51CE3 /* C4CStockTableViewCell.m */,
			);
			name = Stock;
			sourceTree = "<group>";
		};
		63611AF81969FA36006B3282 = {
			isa = PBXGroup;
			children = (
				63581D0F1A0076C00008196F /* Default-568h@2x.png */,
				63611B0A1969FA36006B3282 /* Agronegocios */,
				63611B231969FA36006B3282 /* AgronegociosTests */,
				63611B031969FA36006B3282 /* Frameworks */,
				63611B021969FA36006B3282 /* Products */,
				C3049EDBC6810DF5F448E47A /* Pods */,
				639D980B19F53E96008418D7 /* Agronegocios copy-Info.plist */,
			);
			sourceTree = "<group>";
		};
		63611B021969FA36006B3282 /* Products */ = {
			isa = PBXGroup;
			children = (
				63611B011969FA36006B3282 /* Agronegocios.app */,
				63611B1C1969FA36006B3282 /* AgronegociosTests.xctest */,
			);
			name = Products;
			sourceTree = "<group>";
		};
		63611B031969FA36006B3282 /* Frameworks */ = {
			isa = PBXGroup;
			children = (
				632CCEFC19F71B4C00B6A550 /* CoreData.framework */,
				63E9F101199691FA008FEEA0 /* AudioToolbox.framework */,
				63E9F0FF199691F2008FEEA0 /* CFNetwork.framework */,
				63E9F0FD199691DB008FEEA0 /* CoreLocation.framework */,
				63E9F0FB199691D2008FEEA0 /* MobileCoreServices.framework */,
				63E9F0F9199691C9008FEEA0 /* QuartzCore.framework */,
				63E9F0F7199691BC008FEEA0 /* Security.framework */,
				63E9F0F5199691B0008FEEA0 /* StoreKit.framework */,
				63E9F0F3199691A5008FEEA0 /* SystemConfiguration.framework */,
				63E9F0F11996919C008FEEA0 /* Social.framework */,
				63E9F0EF19969184008FEEA0 /* Accounts.framework */,
				63611B041969FA36006B3282 /* Foundation.framework */,
				63611B061969FA36006B3282 /* CoreGraphics.framework */,
				63611B081969FA36006B3282 /* UIKit.framework */,
				63611B1D1969FA36006B3282 /* XCTest.framework */,
				40EDC4279B7347119FB1AE5B /* libPods-Agronegocios.a */,
			);
			name = Frameworks;
			sourceTree = "<group>";
		};
		63611B0A1969FA36006B3282 /* Agronegocios */ = {
			isa = PBXGroup;
			children = (
				63551C2819FAEFB800E49EC7 /* Helpers */,
				63611B341969FA99006B3282 /* Assets */,
				63611B131969FA36006B3282 /* C4CAppDelegate.h */,
				63611B141969FA36006B3282 /* C4CAppDelegate.m */,
				6386F20619D87E63006A6B57 /* Config */,
				63611B3B196B3A15006B3282 /* Controllers */,
				6386F20D19D8B9F1006A6B57 /* Forms */,
				63611B161969FA36006B3282 /* Images.xcassets */,
				63611B42196B5244006B3282 /* Models */,
				63611B0B1969FA36006B3282 /* Supporting Files */,
				63611B3C196B3A1E006B3282 /* Views */,
			);
			path = Agronegocios;
			sourceTree = "<group>";
		};
		63611B0B1969FA36006B3282 /* Supporting Files */ = {
			isa = PBXGroup;
			children = (
				63611B0C1969FA36006B3282 /* Agronegocios-Info.plist */,
				63611B101969FA36006B3282 /* main.m */,
				63611B121969FA36006B3282 /* Agronegocios-Prefix.pch */,
			);
			name = "Supporting Files";
			sourceTree = "<group>";
		};
		63611B231969FA36006B3282 /* AgronegociosTests */ = {
			isa = PBXGroup;
			children = (
				63611B291969FA36006B3282 /* AgronegociosTests.m */,
				63611B241969FA36006B3282 /* Supporting Files */,
			);
			path = AgronegociosTests;
			sourceTree = "<group>";
		};
		63611B241969FA36006B3282 /* Supporting Files */ = {
			isa = PBXGroup;
			children = (
				63611B251969FA36006B3282 /* AgronegociosTests-Info.plist */,
			);
			name = "Supporting Files";
			sourceTree = "<group>";
		};
		63611B341969FA99006B3282 /* Assets */ = {
			isa = PBXGroup;
			children = (
				63378C7E1A27D302006EFC64 /* about-24.png */,
				63378C7C1A27D26F006EFC64 /* facebook-24.png */,
				63378C731A279382006EFC64 /* facebook-32.png */,
				63378C741A279382006EFC64 /* twitter-32.png */,
				63378C7A1A27D111006EFC64 /* twitter-24.png */,
				63378C6F1A27907A006EFC64 /* facebook-50.png */,
				63378C701A27907A006EFC64 /* twitter-50.png */,
				6397D1091A24020600BB9C92 /* farmerstocks.png */,
				636CAC7F1A1D397A008375D4 /* about_agronet.png */,
				636CAC801A1D397A008375D4 /* about_minagricultura.png */,
				636CAC811A1D397A008375D4 /* about_mintic.png */,
				636CD4781A06BDAA00712342 /* agricultor.png */,
				636CD4791A06BDAA00712342 /* agronegocios.png */,
				636CD47A1A06BDAA00712342 /* aprende.png */,
				636CD47B1A06BDAA00712342 /* box.png */,
				636CD47C1A06BDAA00712342 /* calc.png */,
				636CD47D1A06BDAA00712342 /* clientregister.png */,
				636CD47E1A06BDAA00712342 /* comprador.png */,
				636CD47F1A06BDAA00712342 /* consumidor.png */,
				636CD4801A06BDAA00712342 /* farmerred.png */,
				636CD4811A06BDAA00712342 /* farmerred140.png */,
				636CD4821A06BDAA00712342 /* farmerregister-1.png */,
				636CD4831A06BDAA00712342 /* folder.png */,
				636CD4841A06BDAA00712342 /* icon */,
				636CD4951A06BDAA00712342 /* login.png */,
				636CD4961A06BDAA00712342 /* papers.png */,
				636CD4971A06BDAA00712342 /* productor.png */,
				636CD4981A06BDAA00712342 /* user.png */,
			);
			name = Assets;
			sourceTree = "<group>";
		};
		63611B3B196B3A15006B3282 /* Controllers */ = {
			isa = PBXGroup;
			children = (
				635773231A0AF73C00D51CE3 /* Unit */,
				6357731F1A0AE6E600D51CE3 /* Product */,
				636CD46E1A06B7C800712342 /* Customer */,
				636CD4661A06B4FB00712342 /* Farmer */,
				63159EAB19FDF58F0095DD9E /* Home */,
				63E9F1111996F4AF008FEEA0 /* Price */,
				63E9F1101996F4A4008FEEA0 /* Login */,
				636CD4631A06A9B400712342 /* C4CWhoamiTableViewController.h */,
				636CD4641A06A9B400712342 /* C4CWhoamiTableViewController.m */,
				63378C771A27AF5F006EFC64 /* C4CTermsViewController.h */,
				63378C781A27AF5F006EFC64 /* C4CTermsViewController.m */,
			);
			name = Controllers;
			sourceTree = "<group>";
		};
		63611B3C196B3A1E006B3282 /* Views */ = {
			isa = PBXGroup;
			children = (
				639FD5551A0D51A30079EE59 /* Order */,
				635773311A0B1D5600D51CE3 /* Stock */,
				636CD4C21A06BE2800712342 /* Main.storyboard */,
				63551C2319F9AA6800E49EC7 /* Price */,
			);
			name = Views;
			sourceTree = "<group>";
		};
		63611B42196B5244006B3282 /* Models */ = {
			isa = PBXGroup;
			children = (
				636CD4D91A073CF800712342 /* GeoCode.h */,
				636CD4DA1A073CF800712342 /* GeoCode.m */,
				636CD4C41A06BE3A00712342 /* Model.xcdatamodeld */,
				639FD5521A0D4C840079EE59 /* MyPurchases.h */,
				639FD5531A0D4C840079EE59 /* MyPurchases.m */,
				639FD54F1A0D4B730079EE59 /* MyOrders.h */,
				639FD5501A0D4B730079EE59 /* MyOrders.m */,
				635773351A0B301500D51CE3 /* MyStock.h */,
				635773361A0B301500D51CE3 /* MyStock.m */,
				636CD4E61A07DEE700712342 /* Stock.h */,
				636CD4E71A07DEE700712342 /* Stock.m */,
				636CD4CD1A06D29B00712342 /* Unit.h */,
				636CD4CE1A06D29B00712342 /* Unit.m */,
				63581D081A006A800008196F /* Product.h */,
				63581D091A006A800008196F /* Product.m */,
				63581D051A006A140008196F /* Price.h */,
				63581D061A006A140008196F /* Price.m */,
				63581D021A0069F40008196F /* Token.h */,
				63581D031A0069F40008196F /* Token.m */,
				63581D111A007C150008196F /* Registration.h */,
				63581D121A007C150008196F /* Registration.m */,
				6368B60B1A01A96000B3805A /* Login.h */,
				6368B60C1A01A96000B3805A /* Login.m */,
				636CD53A1A081DB800712342 /* AddressComponent.h */,
				636CD53B1A081DB800712342 /* AddressComponent.m */,
				636CD53D1A08393C00712342 /* NewStock.h */,
				636CD53E1A08393C00712342 /* NewStock.m */,
				639FD5591A0DCBB70079EE59 /* NewOrder.h */,
				639FD55A1A0DCBB70079EE59 /* NewOrder.m */,
			);
			name = Models;
			sourceTree = "<group>";
		};
		636CD4661A06B4FB00712342 /* Farmer */ = {
			isa = PBXGroup;
			children = (
				636CD4671A06B53700712342 /* C4CMyOrdersTableViewController.h */,
				636CD4681A06B53700712342 /* C4CMyOrdersTableViewController.m */,
				636CD46A1A06B58000712342 /* C4CMyStocksTableViewController.h */,
				636CD46B1A06B58000712342 /* C4CMyStocksTableViewController.m */,
				636CD4CA1A06CFB700712342 /* C4CNewStockFormViewController.h */,
				636CD4CB1A06CFB700712342 /* C4CNewStockFormViewController.m */,
				63AFDA851A10524F0078CC4E /* C4CMyOrdersDetailTableViewController.h */,
				63AFDA861A10524F0078CC4E /* C4CMyOrdersDetailTableViewController.m */,
				63AFDA881A1057360078CC4E /* C4CMyStockDetailTableViewController.h */,
				63AFDA891A1057360078CC4E /* C4CMyStockDetailTableViewController.m */,
			);
			name = Farmer;
			sourceTree = "<group>";
		};
		636CD46E1A06B7C800712342 /* Customer */ = {
			isa = PBXGroup;
			children = (
				636CD46F1A06B7E400712342 /* C4CStocksTableViewController.h */,
				636CD4701A06B7E400712342 /* C4CStocksTableViewController.m */,
				636CD4721A06B7FE00712342 /* C4CMyPurchasesTableViewController.h */,
				636CD4731A06B7FE00712342 /* C4CMyPurchasesTableViewController.m */,
				635773381A0B398A00D51CE3 /* C4CStockDetailTableViewController.h */,
				635773391A0B398A00D51CE3 /* C4CStockDetailTableViewController.m */,
				6320FCE61A0E7240009518B7 /* C4CNewOrderFormViewController.h */,
				6320FCE71A0E7240009518B7 /* C4CNewOrderFormViewController.m */,
				63AFDA8B1A1059170078CC4E /* C4CMyPurchasesDetailTableViewController.h */,
				63AFDA8C1A1059170078CC4E /* C4CMyPurchasesDetailTableViewController.m */,
			);
			name = Customer;
			sourceTree = "<group>";
		};
		636CD4841A06BDAA00712342 /* icon */ = {
			isa = PBXGroup;
			children = (
				636CD4851A06BDAA00712342 /* Icon-60@2x.png */,
				636CD4861A06BDAA00712342 /* Icon-60@3x.png */,
				636CD4871A06BDAA00712342 /* Icon-72.png */,
				636CD4881A06BDAA00712342 /* Icon-72@2x.png */,
				636CD4891A06BDAA00712342 /* Icon-76.png */,
				636CD48A1A06BDAA00712342 /* Icon-76@2x.png */,
				636CD48B1A06BDAA00712342 /* Icon-Small-40.png */,
				636CD48C1A06BDAA00712342 /* Icon-Small-40@2x.png */,
				636CD48D1A06BDAA00712342 /* Icon-Small-40@3x.png */,
				636CD48E1A06BDAA00712342 /* Icon-Small-50.png */,
				636CD48F1A06BDAA00712342 /* Icon-Small-50@2x.png */,
				636CD4901A06BDAA00712342 /* Icon-Small.png */,
				636CD4911A06BDAA00712342 /* Icon-Small@2x.png */,
				636CD4921A06BDAA00712342 /* Icon-Small@3x.png */,
				636CD4931A06BDAA00712342 /* Icon.png */,
				636CD4941A06BDAA00712342 /* Icon@2x.png */,
			);
			name = icon;
			path = Assets/icon;
			sourceTree = "<group>";
		};
		636CD4B91A06BDBD00712342 /* nsdate-helper */ = {
			isa = PBXGroup;
			children = (
				636CD4BA1A06BDBD00712342 /* NSDate+Helper.h */,
				636CD4BB1A06BDBD00712342 /* NSDate+Helper.m */,
				636CD4BC1A06BDBD00712342 /* README.textile */,
			);
			name = "nsdate-helper";
			path = "Helpers/nsdate-helper";
			sourceTree = "<group>";
		};
		636CD52E1A07F30600712342 /* LocationManager */ = {
			isa = PBXGroup;
			children = (
				636CD52F1A07F30600712342 /* INTULocationManager.h */,
				636CD5301A07F30600712342 /* INTULocationManager.m */,
				636CD5311A07F30600712342 /* INTULocationRequest.h */,
				636CD5321A07F30600712342 /* INTULocationRequest.m */,
				636CD5331A07F30600712342 /* INTULocationRequestDefines.h */,
			);
			name = LocationManager;
			path = Helpers/LocationManager;
			sourceTree = "<group>";
		};
		6386F20619D87E63006A6B57 /* Config */ = {
			isa = PBXGroup;
			children = (
				636CD4BF1A06BDD000712342 /* Webservice.h */,
			);
			name = Config;
			sourceTree = "<group>";
		};
		6386F20D19D8B9F1006A6B57 /* Forms */ = {
			isa = PBXGroup;
			children = (
				6386F21A19D8C700006A6B57 /* Cells */,
				6386F20E19D8BA2C006A6B57 /* C4CRootForm.h */,
				6386F20F19D8BA2C006A6B57 /* C4CRootForm.m */,
				6386F21119D8BA98006A6B57 /* C4CLoginForm.h */,
				6386F21219D8BA98006A6B57 /* C4CLoginForm.m */,
				6386F21419D8BABB006A6B57 /* C4CRegistrationForm.h */,
				6386F21519D8BABB006A6B57 /* C4CRegistrationForm.m */,
				6386F22519D90B54006A6B57 /* C4CStockForm.h */,
				6386F22619D90B54006A6B57 /* C4CStockForm.m */,
				6320FCE31A0E6D85009518B7 /* C4COrderForm.h */,
				6320FCE41A0E6D85009518B7 /* C4COrderForm.m */,
			);
			name = Forms;
			sourceTree = "<group>";
		};
		6386F21A19D8C700006A6B57 /* Cells */ = {
			isa = PBXGroup;
			children = (
				6357732C1A0B1A2900D51CE3 /* C4CBlueSubmitButtonCell.xib */,
				636CD4C01A06BDF700712342 /* C4CDoncampoImageCell.xib */,
				6386F22019D8CC7F006A6B57 /* C4CSubmitButtonCell.xib */,
				6386F21B19D8C72A006A6B57 /* C4CSubmitButtonCell.h */,
				6386F21C19D8C72A006A6B57 /* C4CSubmitButtonCell.m */,
				63581CFF1A0066D60008196F /* C4CDoncampoImageCell.h */,
				63581D001A0066D60008196F /* C4CDoncampoImageCell.m */,
				635773291A0B15D500D51CE3 /* C4CBlueSubmitButtonCell.h */,
				6357732A1A0B15D500D51CE3 /* C4CBlueSubmitButtonCell.m */,
				63AFDA801A104E400078CC4E /* C4CGreenSubmitButtonCell.xib */,
				63AFDA821A104F2A0078CC4E /* C4CGreenSubmitButtonCell.h */,
				63AFDA831A104F2A0078CC4E /* C4CGreenSubmitButtonCell.m */,
			);
			name = Cells;
			sourceTree = "<group>";
		};
		639FD5551A0D51A30079EE59 /* Order */ = {
			isa = PBXGroup;
			children = (
				639FD5561A0D51C50079EE59 /* C4COrderTableViewCell.h */,
				639FD5571A0D51C50079EE59 /* C4COrderTableViewCell.m */,
			);
			name = Order;
			sourceTree = "<group>";
		};
		63E9F1101996F4A4008FEEA0 /* Login */ = {
			isa = PBXGroup;
			children = (
				6386F21719D8BF30006A6B57 /* C4CRootFormViewController.h */,
				6386F21819D8BF30006A6B57 /* C4CRootFormViewController.m */,
				636CD4601A069EF500712342 /* C4CRegistrationFormViewController.h */,
				636CD4611A069EF500712342 /* C4CRegistrationFormViewController.m */,
			);
			name = Login;
			sourceTree = "<group>";
		};
		63E9F1111996F4AF008FEEA0 /* Price */ = {
			isa = PBXGroup;
			children = (
				639D97B919F4213F008418D7 /* C4CPriceTableViewController.h */,
				639D97BA19F4213F008418D7 /* C4CPriceTableViewController.m */,
				63AFDA8E1A10684A0078CC4E /* C4CPriceDetailTableViewController.h */,
				63AFDA8F1A10684A0078CC4E /* C4CPriceDetailTableViewController.m */,
			);
			name = Price;
			sourceTree = "<group>";
		};
		C3049EDBC6810DF5F448E47A /* Pods */ = {
			isa = PBXGroup;
			children = (
				95A08EEF1E382FEC2EFB6F19 /* Pods-Agronegocios.debug.xcconfig */,
				E0B687D5E8076F96712D381A /* Pods-Agronegocios.release.xcconfig */,
			);
			name = Pods;
			sourceTree = "<group>";
		};
/* End PBXGroup section */

/* Begin PBXNativeTarget section */
		63611B001969FA36006B3282 /* Agronegocios */ = {
			isa = PBXNativeTarget;
			buildConfigurationList = 63611B2D1969FA36006B3282 /* Build configuration list for PBXNativeTarget "Agronegocios" */;
			buildPhases = (
				496A70E164B149F499E61CD1 /* Check Pods Manifest.lock */,
				63611AFD1969FA36006B3282 /* Sources */,
				63611AFE1969FA36006B3282 /* Frameworks */,
				63611AFF1969FA36006B3282 /* Resources */,
				585E6E422EF541259B9AC58D /* Copy Pods Resources */,
			);
			buildRules = (
			);
			dependencies = (
			);
			name = Agronegocios;
			productName = Agronegocios;
			productReference = 63611B011969FA36006B3282 /* Agronegocios.app */;
			productType = "com.apple.product-type.application";
		};
		63611B1B1969FA36006B3282 /* AgronegociosTests */ = {
			isa = PBXNativeTarget;
			buildConfigurationList = 63611B301969FA36006B3282 /* Build configuration list for PBXNativeTarget "AgronegociosTests" */;
			buildPhases = (
				63611B181969FA36006B3282 /* Sources */,
				63611B191969FA36006B3282 /* Frameworks */,
				63611B1A1969FA36006B3282 /* Resources */,
			);
			buildRules = (
			);
			dependencies = (
				63611B221969FA36006B3282 /* PBXTargetDependency */,
			);
			name = AgronegociosTests;
			productName = AgronegociosTests;
			productReference = 63611B1C1969FA36006B3282 /* AgronegociosTests.xctest */;
			productType = "com.apple.product-type.bundle.unit-test";
		};
/* End PBXNativeTarget section */

/* Begin PBXProject section */
		63611AF91969FA36006B3282 /* Project object */ = {
			isa = PBXProject;
			attributes = {
				CLASSPREFIX = C4C;
				LastUpgradeCheck = 0510;
				ORGANIZATIONNAME = COOL4CODE;
				TargetAttributes = {
					63611B001969FA36006B3282 = {
						DevelopmentTeam = ZCSUHWUKSY;
					};
					63611B1B1969FA36006B3282 = {
						TestTargetID = 63611B001969FA36006B3282;
					};
				};
			};
			buildConfigurationList = 63611AFC1969FA36006B3282 /* Build configuration list for PBXProject "Agronegocios" */;
			compatibilityVersion = "Xcode 3.2";
			developmentRegion = English;
			hasScannedForEncodings = 0;
			knownRegions = (
				en,
				es,
			);
			mainGroup = 63611AF81969FA36006B3282;
			productRefGroup = 63611B021969FA36006B3282 /* Products */;
			projectDirPath = "";
			projectRoot = "";
			targets = (
				63611B001969FA36006B3282 /* Agronegocios */,
				63611B1B1969FA36006B3282 /* AgronegociosTests */,
			);
		};
/* End PBXProject section */

/* Begin PBXResourcesBuildPhase section */
		63611AFF1969FA36006B3282 /* Resources */ = {
			isa = PBXResourcesBuildPhase;
			buildActionMask = 2147483647;
			files = (
				636CD4B61A06BDAA00712342 /* papers.png in Resources */,
				636CD4A61A06BDAA00712342 /* Icon-60@3x.png in Resources */,
				63378C711A27907A006EFC64 /* facebook-50.png in Resources */,
				636CD4A71A06BDAA00712342 /* Icon-72.png in Resources */,
				63378C721A27907A006EFC64 /* twitter-50.png in Resources */,
				636CD4AF1A06BDAA00712342 /* Icon-Small-50@2x.png in Resources */,
				636CD4B11A06BDAA00712342 /* Icon-Small@2x.png in Resources */,
				636CD4B31A06BDAA00712342 /* Icon.png in Resources */,
				6386F22119D8CC7F006A6B57 /* C4CSubmitButtonCell.xib in Resources */,
				636CD4A01A06BDAA00712342 /* consumidor.png in Resources */,
				636CD4A21A06BDAA00712342 /* farmerred140.png in Resources */,
				636CD4A51A06BDAA00712342 /* Icon-60@2x.png in Resources */,
				636CD4B21A06BDAA00712342 /* Icon-Small@3x.png in Resources */,
				636CD4AD1A06BDAA00712342 /* Icon-Small-40@3x.png in Resources */,
				636CD4A11A06BDAA00712342 /* farmerred.png in Resources */,
				636CD49F1A06BDAA00712342 /* comprador.png in Resources */,
				636CD4A31A06BDAA00712342 /* farmerregister-1.png in Resources */,
				636CD4B41A06BDAA00712342 /* Icon@2x.png in Resources */,
				63378C7F1A27D302006EFC64 /* about-24.png in Resources */,
				63AFDA811A104E400078CC4E /* C4CGreenSubmitButtonCell.xib in Resources */,
				63378C7D1A27D26F006EFC64 /* facebook-24.png in Resources */,
				636CD4C11A06BDF700712342 /* C4CDoncampoImageCell.xib in Resources */,
				636CD4C31A06BE2800712342 /* Main.storyboard in Resources */,
				636CAC841A1D397A008375D4 /* about_mintic.png in Resources */,
				63378C761A279382006EFC64 /* twitter-32.png in Resources */,
				636CD4B71A06BDAA00712342 /* productor.png in Resources */,
				636CD4B51A06BDAA00712342 /* login.png in Resources */,
				636CD4AE1A06BDAA00712342 /* Icon-Small-50.png in Resources */,
				636CAC821A1D397A008375D4 /* about_agronet.png in Resources */,
				636CD49C1A06BDAA00712342 /* box.png in Resources */,
				6357732D1A0B1A2900D51CE3 /* C4CBlueSubmitButtonCell.xib in Resources */,
				636CD4AB1A06BDAA00712342 /* Icon-Small-40.png in Resources */,
				63378C7B1A27D111006EFC64 /* twitter-24.png in Resources */,
				636CD4991A06BDAA00712342 /* agricultor.png in Resources */,
				636CD49E1A06BDAA00712342 /* clientregister.png in Resources */,
				636CD4A81A06BDAA00712342 /* Icon-72@2x.png in Resources */,
				636CD4B81A06BDAA00712342 /* user.png in Resources */,
				636CAC831A1D397A008375D4 /* about_minagricultura.png in Resources */,
				636CD4AC1A06BDAA00712342 /* Icon-Small-40@2x.png in Resources */,
				63378C751A279382006EFC64 /* facebook-32.png in Resources */,
				63581D101A0076C00008196F /* Default-568h@2x.png in Resources */,
				636CD49D1A06BDAA00712342 /* calc.png in Resources */,
				636CD4B01A06BDAA00712342 /* Icon-Small.png in Resources */,
				636CD4BE1A06BDBD00712342 /* README.textile in Resources */,
				636CD4AA1A06BDAA00712342 /* Icon-76@2x.png in Resources */,
				636CD4A91A06BDAA00712342 /* Icon-76.png in Resources */,
				6397D10A1A24020600BB9C92 /* farmerstocks.png in Resources */,
				636CD49B1A06BDAA00712342 /* aprende.png in Resources */,
				636CD49A1A06BDAA00712342 /* agronegocios.png in Resources */,
				63611B171969FA36006B3282 /* Images.xcassets in Resources */,
				636CD4A41A06BDAA00712342 /* folder.png in Resources */,
			);
			runOnlyForDeploymentPostprocessing = 0;
		};
		63611B1A1969FA36006B3282 /* Resources */ = {
			isa = PBXResourcesBuildPhase;
			buildActionMask = 2147483647;
			files = (
			);
			runOnlyForDeploymentPostprocessing = 0;
		};
/* End PBXResourcesBuildPhase section */

/* Begin PBXShellScriptBuildPhase section */
		496A70E164B149F499E61CD1 /* Check Pods Manifest.lock */ = {
			isa = PBXShellScriptBuildPhase;
			buildActionMask = 2147483647;
			files = (
			);
			inputPaths = (
			);
			name = "Check Pods Manifest.lock";
			outputPaths = (
			);
			runOnlyForDeploymentPostprocessing = 0;
			shellPath = /bin/sh;
			shellScript = "diff \"${PODS_ROOT}/../Podfile.lock\" \"${PODS_ROOT}/Manifest.lock\" > /dev/null\nif [[ $? != 0 ]] ; then\n    cat << EOM\nerror: The sandbox is not in sync with the Podfile.lock. Run 'pod install' or update your CocoaPods installation.\nEOM\n    exit 1\nfi\n";
			showEnvVarsInLog = 0;
		};
		585E6E422EF541259B9AC58D /* Copy Pods Resources */ = {
			isa = PBXShellScriptBuildPhase;
			buildActionMask = 2147483647;
			files = (
			);
			inputPaths = (
			);
			name = "Copy Pods Resources";
			outputPaths = (
			);
			runOnlyForDeploymentPostprocessing = 0;
			shellPath = /bin/sh;
			shellScript = "\"${SRCROOT}/Pods/Target Support Files/Pods-Agronegocios/Pods-Agronegocios-resources.sh\"\n";
			showEnvVarsInLog = 0;
		};
/* End PBXShellScriptBuildPhase section */

/* Begin PBXSourcesBuildPhase section */
		63611AFD1969FA36006B3282 /* Sources */ = {
			isa = PBXSourcesBuildPhase;
			buildActionMask = 2147483647;
			files = (
				636CD5341A07F30600712342 /* INTULocationManager.m in Sources */,
				635773261A0AF74E00D51CE3 /* C4CUnitTableViewController.m in Sources */,
				63551C2619F9AB0A00E49EC7 /* C4CPriceTableViewCell.m in Sources */,
				6386F21319D8BA98006A6B57 /* C4CLoginForm.m in Sources */,
				6357733A1A0B398A00D51CE3 /* C4CStockDetailTableViewController.m in Sources */,
				636CD53F1A08393C00712342 /* NewStock.m in Sources */,
				63581D0A1A006A800008196F /* Product.m in Sources */,
				6368B60D1A01A96000B3805A /* Login.m in Sources */,
				6386F21D19D8C72A006A6B57 /* C4CSubmitButtonCell.m in Sources */,
				636CD53C1A081DB800712342 /* AddressComponent.m in Sources */,
				63581D071A006A140008196F /* Price.m in Sources */,
				636CD4BD1A06BDBD00712342 /* NSDate+Helper.m in Sources */,
				636CD4CC1A06CFB700712342 /* C4CNewStockFormViewController.m in Sources */,
				636CD5351A07F30600712342 /* INTULocationRequest.m in Sources */,
				63581D011A0066D60008196F /* C4CDoncampoImageCell.m in Sources */,
				639D97BB19F4213F008418D7 /* C4CPriceTableViewController.m in Sources */,
				63AFDA841A104F2A0078CC4E /* C4CGreenSubmitButtonCell.m in Sources */,
				635773221A0AE70500D51CE3 /* C4CProductTableViewController.m in Sources */,
				636CD4DB1A073CF800712342 /* GeoCode.m in Sources */,
				63581D041A0069F40008196F /* Token.m in Sources */,
				636CD4621A069EF500712342 /* C4CRegistrationFormViewController.m in Sources */,
				63611B111969FA36006B3282 /* main.m in Sources */,
				6386F21019D8BA2C006A6B57 /* C4CRootForm.m in Sources */,
				636CD4771A06BC0200712342 /* C4CHomeTableViewController.m in Sources */,
				6320FCE51A0E6D85009518B7 /* C4COrderForm.m in Sources */,
				63AFDA871A10524F0078CC4E /* C4CMyOrdersDetailTableViewController.m in Sources */,
				63AFDA8D1A1059170078CC4E /* C4CMyPurchasesDetailTableViewController.m in Sources */,
				636CD46C1A06B58000712342 /* C4CMyStocksTableViewController.m in Sources */,
				636CD4E81A07DEE700712342 /* Stock.m in Sources */,
				6386F21619D8BABB006A6B57 /* C4CRegistrationForm.m in Sources */,
				636CD4651A06A9B400712342 /* C4CWhoamiTableViewController.m in Sources */,
				63AFDA8A1A1057360078CC4E /* C4CMyStockDetailTableViewController.m in Sources */,
				636CD4CF1A06D29B00712342 /* Unit.m in Sources */,
				636CD4741A06B7FE00712342 /* C4CMyPurchasesTableViewController.m in Sources */,
				635773341A0B1D7900D51CE3 /* C4CStockTableViewCell.m in Sources */,
				6386F21919D8BF30006A6B57 /* C4CRootFormViewController.m in Sources */,
				635773371A0B301500D51CE3 /* MyStock.m in Sources */,
				639FD5541A0D4C840079EE59 /* MyPurchases.m in Sources */,
				639FD5581A0D51C50079EE59 /* C4COrderTableViewCell.m in Sources */,
				63378C791A27AF5F006EFC64 /* C4CTermsViewController.m in Sources */,
				6320FCE81A0E7240009518B7 /* C4CNewOrderFormViewController.m in Sources */,
				63581D131A007C150008196F /* Registration.m in Sources */,
				6357732B1A0B15D500D51CE3 /* C4CBlueSubmitButtonCell.m in Sources */,
				639FD55B1A0DCBB70079EE59 /* NewOrder.m in Sources */,
				639FD5511A0D4B730079EE59 /* MyOrders.m in Sources */,
				636CD4711A06B7E400712342 /* C4CStocksTableViewController.m in Sources */,
				63611B151969FA36006B3282 /* C4CAppDelegate.m in Sources */,
				636CD4C61A06BE3A00712342 /* Model.xcdatamodeld in Sources */,
				6386F22719D90B54006A6B57 /* C4CStockForm.m in Sources */,
				636CD4691A06B53700712342 /* C4CMyOrdersTableViewController.m in Sources */,
				63AFDA901A10684A0078CC4E /* C4CPriceDetailTableViewController.m in Sources */,
			);
			runOnlyForDeploymentPostprocessing = 0;
		};
		63611B181969FA36006B3282 /* Sources */ = {
			isa = PBXSourcesBuildPhase;
			buildActionMask = 2147483647;
			files = (
				63611B2A1969FA36006B3282 /* AgronegociosTests.m in Sources */,
			);
			runOnlyForDeploymentPostprocessing = 0;
		};
/* End PBXSourcesBuildPhase section */

/* Begin PBXTargetDependency section */
		63611B221969FA36006B3282 /* PBXTargetDependency */ = {
			isa = PBXTargetDependency;
			target = 63611B001969FA36006B3282 /* Agronegocios */;
			targetProxy = 63611B211969FA36006B3282 /* PBXContainerItemProxy */;
		};
/* End PBXTargetDependency section */

/* Begin XCBuildConfiguration section */
		63611B2B1969FA36006B3282 /* Debug */ = {
			isa = XCBuildConfiguration;
			buildSettings = {
				ALWAYS_SEARCH_USER_PATHS = NO;
				CLANG_CXX_LANGUAGE_STANDARD = "gnu++0x";
				CLANG_CXX_LIBRARY = "libc++";
				CLANG_ENABLE_MODULES = YES;
				CLANG_ENABLE_OBJC_ARC = YES;
				CLANG_WARN_BOOL_CONVERSION = YES;
				CLANG_WARN_CONSTANT_CONVERSION = YES;
				CLANG_WARN_DIRECT_OBJC_ISA_USAGE = YES_ERROR;
				CLANG_WARN_EMPTY_BODY = YES;
				CLANG_WARN_ENUM_CONVERSION = YES;
				CLANG_WARN_INT_CONVERSION = YES;
				CLANG_WARN_OBJC_ROOT_CLASS = YES_ERROR;
				CLANG_WARN__DUPLICATE_METHOD_MATCH = YES;
				"CODE_SIGN_IDENTITY[sdk=iphoneos*]" = "iPhone Developer";
				COPY_PHASE_STRIP = NO;
				GCC_C_LANGUAGE_STANDARD = gnu99;
				GCC_DYNAMIC_NO_PIC = NO;
				GCC_OPTIMIZATION_LEVEL = 0;
				GCC_PREPROCESSOR_DEFINITIONS = (
					"DEBUG=1",
					"$(inherited)",
				);
				GCC_SYMBOLS_PRIVATE_EXTERN = NO;
				GCC_WARN_64_TO_32_BIT_CONVERSION = YES;
				GCC_WARN_ABOUT_RETURN_TYPE = YES_ERROR;
				GCC_WARN_UNDECLARED_SELECTOR = YES;
				GCC_WARN_UNINITIALIZED_AUTOS = YES_AGGRESSIVE;
				GCC_WARN_UNUSED_FUNCTION = YES;
				GCC_WARN_UNUSED_VARIABLE = YES;
				IPHONEOS_DEPLOYMENT_TARGET = 7.1;
				ONLY_ACTIVE_ARCH = YES;
				SDKROOT = iphoneos;
				TARGETED_DEVICE_FAMILY = "1,2";
			};
			name = Debug;
		};
		63611B2C1969FA36006B3282 /* Release */ = {
			isa = XCBuildConfiguration;
			buildSettings = {
				ALWAYS_SEARCH_USER_PATHS = NO;
				CLANG_CXX_LANGUAGE_STANDARD = "gnu++0x";
				CLANG_CXX_LIBRARY = "libc++";
				CLANG_ENABLE_MODULES = YES;
				CLANG_ENABLE_OBJC_ARC = YES;
				CLANG_WARN_BOOL_CONVERSION = YES;
				CLANG_WARN_CONSTANT_CONVERSION = YES;
				CLANG_WARN_DIRECT_OBJC_ISA_USAGE = YES_ERROR;
				CLANG_WARN_EMPTY_BODY = YES;
				CLANG_WARN_ENUM_CONVERSION = YES;
				CLANG_WARN_INT_CONVERSION = YES;
				CLANG_WARN_OBJC_ROOT_CLASS = YES_ERROR;
				CLANG_WARN__DUPLICATE_METHOD_MATCH = YES;
				"CODE_SIGN_IDENTITY[sdk=iphoneos*]" = "iPhone Developer";
				COPY_PHASE_STRIP = YES;
				ENABLE_NS_ASSERTIONS = NO;
				GCC_C_LANGUAGE_STANDARD = gnu99;
				GCC_WARN_64_TO_32_BIT_CONVERSION = YES;
				GCC_WARN_ABOUT_RETURN_TYPE = YES_ERROR;
				GCC_WARN_UNDECLARED_SELECTOR = YES;
				GCC_WARN_UNINITIALIZED_AUTOS = YES_AGGRESSIVE;
				GCC_WARN_UNUSED_FUNCTION = YES;
				GCC_WARN_UNUSED_VARIABLE = YES;
				IPHONEOS_DEPLOYMENT_TARGET = 7.1;
				SDKROOT = iphoneos;
				TARGETED_DEVICE_FAMILY = "1,2";
				VALIDATE_PRODUCT = YES;
			};
			name = Release;
		};
		63611B2E1969FA36006B3282 /* Debug */ = {
			isa = XCBuildConfiguration;
			baseConfigurationReference = 95A08EEF1E382FEC2EFB6F19 /* Pods-Agronegocios.debug.xcconfig */;
			buildSettings = {
				ASSETCATALOG_COMPILER_APPICON_NAME = AppIcon;
				ASSETCATALOG_COMPILER_LAUNCHIMAGE_NAME = LaunchImage;
				CODE_SIGN_IDENTITY = "iPhone Developer";
				FRAMEWORK_SEARCH_PATHS = (
					"$(inherited)",
					"$(PROJECT_DIR)",
				);
				GCC_PRECOMPILE_PREFIX_HEADER = YES;
				GCC_PREFIX_HEADER = "Agronegocios/Agronegocios-Prefix.pch";
				INFOPLIST_FILE = "Agronegocios/Agronegocios-Info.plist";
				IPHONEOS_DEPLOYMENT_TARGET = 7.1;
				PRODUCT_NAME = "$(TARGET_NAME)";
				TARGETED_DEVICE_FAMILY = "1,2";
				WRAPPER_EXTENSION = app;
			};
			name = Debug;
		};
		63611B2F1969FA36006B3282 /* Release */ = {
			isa = XCBuildConfiguration;
			baseConfigurationReference = E0B687D5E8076F96712D381A /* Pods-Agronegocios.release.xcconfig */;
			buildSettings = {
				ASSETCATALOG_COMPILER_APPICON_NAME = AppIcon;
				ASSETCATALOG_COMPILER_LAUNCHIMAGE_NAME = LaunchImage;
				CODE_SIGN_IDENTITY = "iPhone Developer";
				FRAMEWORK_SEARCH_PATHS = (
					"$(inherited)",
					"$(PROJECT_DIR)",
				);
				GCC_PRECOMPILE_PREFIX_HEADER = YES;
				GCC_PREFIX_HEADER = "Agronegocios/Agronegocios-Prefix.pch";
				INFOPLIST_FILE = "Agronegocios/Agronegocios-Info.plist";
				IPHONEOS_DEPLOYMENT_TARGET = 7.1;
				PRODUCT_NAME = "$(TARGET_NAME)";
				TARGETED_DEVICE_FAMILY = "1,2";
				WRAPPER_EXTENSION = app;
			};
			name = Release;
		};
		63611B311969FA36006B3282 /* Debug */ = {
			isa = XCBuildConfiguration;
			buildSettings = {
				BUNDLE_LOADER = "$(BUILT_PRODUCTS_DIR)/Agronegocios.app/Agronegocios";
				FRAMEWORK_SEARCH_PATHS = (
					"$(SDKROOT)/Developer/Library/Frameworks",
					"$(inherited)",
					"$(DEVELOPER_FRAMEWORKS_DIR)",
				);
				GCC_PRECOMPILE_PREFIX_HEADER = YES;
				GCC_PREFIX_HEADER = "Agronegocios/Agronegocios-Prefix.pch";
				GCC_PREPROCESSOR_DEFINITIONS = (
					"DEBUG=1",
					"$(inherited)",
				);
				INFOPLIST_FILE = "AgronegociosTests/AgronegociosTests-Info.plist";
				PRODUCT_NAME = "$(TARGET_NAME)";
				TEST_HOST = "$(BUNDLE_LOADER)";
				WRAPPER_EXTENSION = xctest;
			};
			name = Debug;
		};
		63611B321969FA36006B3282 /* Release */ = {
			isa = XCBuildConfiguration;
			buildSettings = {
				BUNDLE_LOADER = "$(BUILT_PRODUCTS_DIR)/Agronegocios.app/Agronegocios";
				FRAMEWORK_SEARCH_PATHS = (
					"$(SDKROOT)/Developer/Library/Frameworks",
					"$(inherited)",
					"$(DEVELOPER_FRAMEWORKS_DIR)",
				);
				GCC_PRECOMPILE_PREFIX_HEADER = YES;
				GCC_PREFIX_HEADER = "Agronegocios/Agronegocios-Prefix.pch";
				INFOPLIST_FILE = "AgronegociosTests/AgronegociosTests-Info.plist";
				PRODUCT_NAME = "$(TARGET_NAME)";
				TEST_HOST = "$(BUNDLE_LOADER)";
				WRAPPER_EXTENSION = xctest;
			};
			name = Release;
		};
/* End XCBuildConfiguration section */

/* Begin XCConfigurationList section */
		63611AFC1969FA36006B3282 /* Build configuration list for PBXProject "Agronegocios" */ = {
			isa = XCConfigurationList;
			buildConfigurations = (
				63611B2B1969FA36006B3282 /* Debug */,
				63611B2C1969FA36006B3282 /* Release */,
			);
			defaultConfigurationIsVisible = 0;
			defaultConfigurationName = Release;
		};
		63611B2D1969FA36006B3282 /* Build configuration list for PBXNativeTarget "Agronegocios" */ = {
			isa = XCConfigurationList;
			buildConfigurations = (
				63611B2E1969FA36006B3282 /* Debug */,
				63611B2F1969FA36006B3282 /* Release */,
			);
			defaultConfigurationIsVisible = 0;
			defaultConfigurationName = Release;
		};
		63611B301969FA36006B3282 /* Build configuration list for PBXNativeTarget "AgronegociosTests" */ = {
			isa = XCConfigurationList;
			buildConfigurations = (
				63611B311969FA36006B3282 /* Debug */,
				63611B321969FA36006B3282 /* Release */,
			);
			defaultConfigurationIsVisible = 0;
			defaultConfigurationName = Release;
		};
/* End XCConfigurationList section */

/* Begin XCVersionGroup section */
		636CD4C41A06BE3A00712342 /* Model.xcdatamodeld */ = {
			isa = XCVersionGroup;
			children = (
				636CD4C51A06BE3A00712342 /* Model.xcdatamodel */,
			);
			currentVersion = 636CD4C51A06BE3A00712342 /* Model.xcdatamodel */;
			name = Model.xcdatamodeld;
			path = Models/Model.xcdatamodeld;
			sourceTree = "<group>";
			versionGroupType = wrapper.xcdatamodel;
		};
/* End XCVersionGroup section */
	};
	rootObject = 63611AF91969FA36006B3282 /* Project object */;
}
